# This file is automatically @generated by Poetry 1.5.1 and should not be changed by hand.

[[package]]
name = "attrs"
version = "23.1.0"
description = "Classes Without Boilerplate"
optional = false
python-versions = ">=3.7"
files = [
    {file = "attrs-23.1.0-py3-none-any.whl", hash = "sha256:1f28b4522cdc2fb4256ac1a020c78acf9cba2c6b461ccd2c126f3aa8e8335d04"},
    {file = "attrs-23.1.0.tar.gz", hash = "sha256:6279836d581513a26f1bf235f9acd333bc9115683f14f7e8fae46c98fc50e015"},
]

[package.extras]
cov = ["attrs[tests]", "coverage[toml] (>=5.3)"]
dev = ["attrs[docs,tests]", "pre-commit"]
docs = ["furo", "myst-parser", "sphinx", "sphinx-notfound-page", "sphinxcontrib-towncrier", "towncrier", "zope-interface"]
tests = ["attrs[tests-no-zope]", "zope-interface"]
tests-no-zope = ["cloudpickle", "hypothesis", "mypy (>=1.1.1)", "pympler", "pytest (>=4.3.0)", "pytest-mypy-plugins", "pytest-xdist[psutil]"]

[[package]]
name = "certifi"
version = "2023.7.22"
description = "Python package for providing Mozilla's CA Bundle."
optional = false
python-versions = ">=3.6"
files = [
    {file = "certifi-2023.7.22-py3-none-any.whl", hash = "sha256:92d6037539857d8206b8f6ae472e8b77db8058fec5937a1ef3f54304089edbb9"},
    {file = "certifi-2023.7.22.tar.gz", hash = "sha256:539cc1d13202e33ca466e88b2807e29f4c13049d6d87031a3c110744495cb082"},
]

[[package]]
name = "charset-normalizer"
version = "3.2.0"
description = "The Real First Universal Charset Detector. Open, modern and actively maintained alternative to Chardet."
optional = false
python-versions = ">=3.7.0"
files = [
    {file = "charset-normalizer-3.2.0.tar.gz", hash = "sha256:3bb3d25a8e6c0aedd251753a79ae98a093c7e7b471faa3aa9a93a81431987ace"},
    {file = "charset_normalizer-3.2.0-cp310-cp310-macosx_10_9_universal2.whl", hash = "sha256:0b87549028f680ca955556e3bd57013ab47474c3124dc069faa0b6545b6c9710"},
    {file = "charset_normalizer-3.2.0-cp310-cp310-macosx_10_9_x86_64.whl", hash = "sha256:7c70087bfee18a42b4040bb9ec1ca15a08242cf5867c58726530bdf3945672ed"},
    {file = "charset_normalizer-3.2.0-cp310-cp310-macosx_11_0_arm64.whl", hash = "sha256:a103b3a7069b62f5d4890ae1b8f0597618f628b286b03d4bc9195230b154bfa9"},
    {file = "charset_normalizer-3.2.0-cp310-cp310-manylinux_2_17_aarch64.manylinux2014_aarch64.whl", hash = "sha256:94aea8eff76ee6d1cdacb07dd2123a68283cb5569e0250feab1240058f53b623"},
    {file = "charset_normalizer-3.2.0-cp310-cp310-manylinux_2_17_ppc64le.manylinux2014_ppc64le.whl", hash = "sha256:db901e2ac34c931d73054d9797383d0f8009991e723dab15109740a63e7f902a"},
    {file = "charset_normalizer-3.2.0-cp310-cp310-manylinux_2_17_s390x.manylinux2014_s390x.whl", hash = "sha256:b0dac0ff919ba34d4df1b6131f59ce95b08b9065233446be7e459f95554c0dc8"},
    {file = "charset_normalizer-3.2.0-cp310-cp310-manylinux_2_17_x86_64.manylinux2014_x86_64.whl", hash = "sha256:193cbc708ea3aca45e7221ae58f0fd63f933753a9bfb498a3b474878f12caaad"},
    {file = "charset_normalizer-3.2.0-cp310-cp310-manylinux_2_5_i686.manylinux1_i686.manylinux_2_17_i686.manylinux2014_i686.whl", hash = "sha256:09393e1b2a9461950b1c9a45d5fd251dc7c6f228acab64da1c9c0165d9c7765c"},
    {file = "charset_normalizer-3.2.0-cp310-cp310-musllinux_1_1_aarch64.whl", hash = "sha256:baacc6aee0b2ef6f3d308e197b5d7a81c0e70b06beae1f1fcacffdbd124fe0e3"},
    {file = "charset_normalizer-3.2.0-cp310-cp310-musllinux_1_1_i686.whl", hash = "sha256:bf420121d4c8dce6b889f0e8e4ec0ca34b7f40186203f06a946fa0276ba54029"},
    {file = "charset_normalizer-3.2.0-cp310-cp310-musllinux_1_1_ppc64le.whl", hash = "sha256:c04a46716adde8d927adb9457bbe39cf473e1e2c2f5d0a16ceb837e5d841ad4f"},
    {file = "charset_normalizer-3.2.0-cp310-cp310-musllinux_1_1_s390x.whl", hash = "sha256:aaf63899c94de41fe3cf934601b0f7ccb6b428c6e4eeb80da72c58eab077b19a"},
    {file = "charset_normalizer-3.2.0-cp310-cp310-musllinux_1_1_x86_64.whl", hash = "sha256:d62e51710986674142526ab9f78663ca2b0726066ae26b78b22e0f5e571238dd"},
    {file = "charset_normalizer-3.2.0-cp310-cp310-win32.whl", hash = "sha256:04e57ab9fbf9607b77f7d057974694b4f6b142da9ed4a199859d9d4d5c63fe96"},
    {file = "charset_normalizer-3.2.0-cp310-cp310-win_amd64.whl", hash = "sha256:48021783bdf96e3d6de03a6e39a1171ed5bd7e8bb93fc84cc649d11490f87cea"},
    {file = "charset_normalizer-3.2.0-cp311-cp311-macosx_10_9_universal2.whl", hash = "sha256:4957669ef390f0e6719db3613ab3a7631e68424604a7b448f079bee145da6e09"},
    {file = "charset_normalizer-3.2.0-cp311-cp311-macosx_10_9_x86_64.whl", hash = "sha256:46fb8c61d794b78ec7134a715a3e564aafc8f6b5e338417cb19fe9f57a5a9bf2"},
    {file = "charset_normalizer-3.2.0-cp311-cp311-macosx_11_0_arm64.whl", hash = "sha256:f779d3ad205f108d14e99bb3859aa7dd8e9c68874617c72354d7ecaec2a054ac"},
    {file = "charset_normalizer-3.2.0-cp311-cp311-manylinux_2_17_aarch64.manylinux2014_aarch64.whl", hash = "sha256:f25c229a6ba38a35ae6e25ca1264621cc25d4d38dca2942a7fce0b67a4efe918"},
    {file = "charset_normalizer-3.2.0-cp311-cp311-manylinux_2_17_ppc64le.manylinux2014_ppc64le.whl", hash = "sha256:2efb1bd13885392adfda4614c33d3b68dee4921fd0ac1d3988f8cbb7d589e72a"},
    {file = "charset_normalizer-3.2.0-cp311-cp311-manylinux_2_17_s390x.manylinux2014_s390x.whl", hash = "sha256:1f30b48dd7fa1474554b0b0f3fdfdd4c13b5c737a3c6284d3cdc424ec0ffff3a"},
    {file = "charset_normalizer-3.2.0-cp311-cp311-manylinux_2_17_x86_64.manylinux2014_x86_64.whl", hash = "sha256:246de67b99b6851627d945db38147d1b209a899311b1305dd84916f2b88526c6"},
    {file = "charset_normalizer-3.2.0-cp311-cp311-manylinux_2_5_i686.manylinux1_i686.manylinux_2_17_i686.manylinux2014_i686.whl", hash = "sha256:9bd9b3b31adcb054116447ea22caa61a285d92e94d710aa5ec97992ff5eb7cf3"},
    {file = "charset_normalizer-3.2.0-cp311-cp311-musllinux_1_1_aarch64.whl", hash = "sha256:8c2f5e83493748286002f9369f3e6607c565a6a90425a3a1fef5ae32a36d749d"},
    {file = "charset_normalizer-3.2.0-cp311-cp311-musllinux_1_1_i686.whl", hash = "sha256:3170c9399da12c9dc66366e9d14da8bf7147e1e9d9ea566067bbce7bb74bd9c2"},
    {file = "charset_normalizer-3.2.0-cp311-cp311-musllinux_1_1_ppc64le.whl", hash = "sha256:7a4826ad2bd6b07ca615c74ab91f32f6c96d08f6fcc3902ceeedaec8cdc3bcd6"},
    {file = "charset_normalizer-3.2.0-cp311-cp311-musllinux_1_1_s390x.whl", hash = "sha256:3b1613dd5aee995ec6d4c69f00378bbd07614702a315a2cf6c1d21461fe17c23"},
    {file = "charset_normalizer-3.2.0-cp311-cp311-musllinux_1_1_x86_64.whl", hash = "sha256:9e608aafdb55eb9f255034709e20d5a83b6d60c054df0802fa9c9883d0a937aa"},
    {file = "charset_normalizer-3.2.0-cp311-cp311-win32.whl", hash = "sha256:f2a1d0fd4242bd8643ce6f98927cf9c04540af6efa92323e9d3124f57727bfc1"},
    {file = "charset_normalizer-3.2.0-cp311-cp311-win_amd64.whl", hash = "sha256:681eb3d7e02e3c3655d1b16059fbfb605ac464c834a0c629048a30fad2b27489"},
    {file = "charset_normalizer-3.2.0-cp37-cp37m-macosx_10_9_x86_64.whl", hash = "sha256:c57921cda3a80d0f2b8aec7e25c8aa14479ea92b5b51b6876d975d925a2ea346"},
    {file = "charset_normalizer-3.2.0-cp37-cp37m-manylinux_2_17_aarch64.manylinux2014_aarch64.whl", hash = "sha256:41b25eaa7d15909cf3ac4c96088c1f266a9a93ec44f87f1d13d4a0e86c81b982"},
    {file = "charset_normalizer-3.2.0-cp37-cp37m-manylinux_2_17_ppc64le.manylinux2014_ppc64le.whl", hash = "sha256:f058f6963fd82eb143c692cecdc89e075fa0828db2e5b291070485390b2f1c9c"},
    {file = "charset_normalizer-3.2.0-cp37-cp37m-manylinux_2_17_s390x.manylinux2014_s390x.whl", hash = "sha256:a7647ebdfb9682b7bb97e2a5e7cb6ae735b1c25008a70b906aecca294ee96cf4"},
    {file = "charset_normalizer-3.2.0-cp37-cp37m-manylinux_2_17_x86_64.manylinux2014_x86_64.whl", hash = "sha256:eef9df1eefada2c09a5e7a40991b9fc6ac6ef20b1372abd48d2794a316dc0449"},
    {file = "charset_normalizer-3.2.0-cp37-cp37m-manylinux_2_5_i686.manylinux1_i686.manylinux_2_17_i686.manylinux2014_i686.whl", hash = "sha256:e03b8895a6990c9ab2cdcd0f2fe44088ca1c65ae592b8f795c3294af00a461c3"},
    {file = "charset_normalizer-3.2.0-cp37-cp37m-musllinux_1_1_aarch64.whl", hash = "sha256:ee4006268ed33370957f55bf2e6f4d263eaf4dc3cfc473d1d90baff6ed36ce4a"},
    {file = "charset_normalizer-3.2.0-cp37-cp37m-musllinux_1_1_i686.whl", hash = "sha256:c4983bf937209c57240cff65906b18bb35e64ae872da6a0db937d7b4af845dd7"},
    {file = "charset_normalizer-3.2.0-cp37-cp37m-musllinux_1_1_ppc64le.whl", hash = "sha256:3bb7fda7260735efe66d5107fb7e6af6a7c04c7fce9b2514e04b7a74b06bf5dd"},
    {file = "charset_normalizer-3.2.0-cp37-cp37m-musllinux_1_1_s390x.whl", hash = "sha256:72814c01533f51d68702802d74f77ea026b5ec52793c791e2da806a3844a46c3"},
    {file = "charset_normalizer-3.2.0-cp37-cp37m-musllinux_1_1_x86_64.whl", hash = "sha256:70c610f6cbe4b9fce272c407dd9d07e33e6bf7b4aa1b7ffb6f6ded8e634e3592"},
    {file = "charset_normalizer-3.2.0-cp37-cp37m-win32.whl", hash = "sha256:a401b4598e5d3f4a9a811f3daf42ee2291790c7f9d74b18d75d6e21dda98a1a1"},
    {file = "charset_normalizer-3.2.0-cp37-cp37m-win_amd64.whl", hash = "sha256:c0b21078a4b56965e2b12f247467b234734491897e99c1d51cee628da9786959"},
    {file = "charset_normalizer-3.2.0-cp38-cp38-macosx_10_9_universal2.whl", hash = "sha256:95eb302ff792e12aba9a8b8f8474ab229a83c103d74a750ec0bd1c1eea32e669"},
    {file = "charset_normalizer-3.2.0-cp38-cp38-macosx_10_9_x86_64.whl", hash = "sha256:1a100c6d595a7f316f1b6f01d20815d916e75ff98c27a01ae817439ea7726329"},
    {file = "charset_normalizer-3.2.0-cp38-cp38-macosx_11_0_arm64.whl", hash = "sha256:6339d047dab2780cc6220f46306628e04d9750f02f983ddb37439ca47ced7149"},
    {file = "charset_normalizer-3.2.0-cp38-cp38-manylinux_2_17_aarch64.manylinux2014_aarch64.whl", hash = "sha256:e4b749b9cc6ee664a3300bb3a273c1ca8068c46be705b6c31cf5d276f8628a94"},
    {file = "charset_normalizer-3.2.0-cp38-cp38-manylinux_2_17_ppc64le.manylinux2014_ppc64le.whl", hash = "sha256:a38856a971c602f98472050165cea2cdc97709240373041b69030be15047691f"},
    {file = "charset_normalizer-3.2.0-cp38-cp38-manylinux_2_17_s390x.manylinux2014_s390x.whl", hash = "sha256:f87f746ee241d30d6ed93969de31e5ffd09a2961a051e60ae6bddde9ec3583aa"},
    {file = "charset_normalizer-3.2.0-cp38-cp38-manylinux_2_17_x86_64.manylinux2014_x86_64.whl", hash = "sha256:89f1b185a01fe560bc8ae5f619e924407efca2191b56ce749ec84982fc59a32a"},
    {file = "charset_normalizer-3.2.0-cp38-cp38-manylinux_2_5_i686.manylinux1_i686.manylinux_2_17_i686.manylinux2014_i686.whl", hash = "sha256:e1c8a2f4c69e08e89632defbfabec2feb8a8d99edc9f89ce33c4b9e36ab63037"},
    {file = "charset_normalizer-3.2.0-cp38-cp38-musllinux_1_1_aarch64.whl", hash = "sha256:2f4ac36d8e2b4cc1aa71df3dd84ff8efbe3bfb97ac41242fbcfc053c67434f46"},
    {file = "charset_normalizer-3.2.0-cp38-cp38-musllinux_1_1_i686.whl", hash = "sha256:a386ebe437176aab38c041de1260cd3ea459c6ce5263594399880bbc398225b2"},
    {file = "charset_normalizer-3.2.0-cp38-cp38-musllinux_1_1_ppc64le.whl", hash = "sha256:ccd16eb18a849fd8dcb23e23380e2f0a354e8daa0c984b8a732d9cfaba3a776d"},
    {file = "charset_normalizer-3.2.0-cp38-cp38-musllinux_1_1_s390x.whl", hash = "sha256:e6a5bf2cba5ae1bb80b154ed68a3cfa2fa00fde979a7f50d6598d3e17d9ac20c"},
    {file = "charset_normalizer-3.2.0-cp38-cp38-musllinux_1_1_x86_64.whl", hash = "sha256:45de3f87179c1823e6d9e32156fb14c1927fcc9aba21433f088fdfb555b77c10"},
    {file = "charset_normalizer-3.2.0-cp38-cp38-win32.whl", hash = "sha256:1000fba1057b92a65daec275aec30586c3de2401ccdcd41f8a5c1e2c87078706"},
    {file = "charset_normalizer-3.2.0-cp38-cp38-win_amd64.whl", hash = "sha256:8b2c760cfc7042b27ebdb4a43a4453bd829a5742503599144d54a032c5dc7e9e"},
    {file = "charset_normalizer-3.2.0-cp39-cp39-macosx_10_9_universal2.whl", hash = "sha256:855eafa5d5a2034b4621c74925d89c5efef61418570e5ef9b37717d9c796419c"},
    {file = "charset_normalizer-3.2.0-cp39-cp39-macosx_10_9_x86_64.whl", hash = "sha256:203f0c8871d5a7987be20c72442488a0b8cfd0f43b7973771640fc593f56321f"},
    {file = "charset_normalizer-3.2.0-cp39-cp39-macosx_11_0_arm64.whl", hash = "sha256:e857a2232ba53ae940d3456f7533ce6ca98b81917d47adc3c7fd55dad8fab858"},
    {file = "charset_normalizer-3.2.0-cp39-cp39-manylinux_2_17_aarch64.manylinux2014_aarch64.whl", hash = "sha256:5e86d77b090dbddbe78867a0275cb4df08ea195e660f1f7f13435a4649e954e5"},
    {file = "charset_normalizer-3.2.0-cp39-cp39-manylinux_2_17_ppc64le.manylinux2014_ppc64le.whl", hash = "sha256:c4fb39a81950ec280984b3a44f5bd12819953dc5fa3a7e6fa7a80db5ee853952"},
    {file = "charset_normalizer-3.2.0-cp39-cp39-manylinux_2_17_s390x.manylinux2014_s390x.whl", hash = "sha256:2dee8e57f052ef5353cf608e0b4c871aee320dd1b87d351c28764fc0ca55f9f4"},
    {file = "charset_normalizer-3.2.0-cp39-cp39-manylinux_2_17_x86_64.manylinux2014_x86_64.whl", hash = "sha256:8700f06d0ce6f128de3ccdbc1acaea1ee264d2caa9ca05daaf492fde7c2a7200"},
    {file = "charset_normalizer-3.2.0-cp39-cp39-manylinux_2_5_i686.manylinux1_i686.manylinux_2_17_i686.manylinux2014_i686.whl", hash = "sha256:1920d4ff15ce893210c1f0c0e9d19bfbecb7983c76b33f046c13a8ffbd570252"},
    {file = "charset_normalizer-3.2.0-cp39-cp39-musllinux_1_1_aarch64.whl", hash = "sha256:c1c76a1743432b4b60ab3358c937a3fe1341c828ae6194108a94c69028247f22"},
    {file = "charset_normalizer-3.2.0-cp39-cp39-musllinux_1_1_i686.whl", hash = "sha256:f7560358a6811e52e9c4d142d497f1a6e10103d3a6881f18d04dbce3729c0e2c"},
    {file = "charset_normalizer-3.2.0-cp39-cp39-musllinux_1_1_ppc64le.whl", hash = "sha256:c8063cf17b19661471ecbdb3df1c84f24ad2e389e326ccaf89e3fb2484d8dd7e"},
    {file = "charset_normalizer-3.2.0-cp39-cp39-musllinux_1_1_s390x.whl", hash = "sha256:cd6dbe0238f7743d0efe563ab46294f54f9bc8f4b9bcf57c3c666cc5bc9d1299"},
    {file = "charset_normalizer-3.2.0-cp39-cp39-musllinux_1_1_x86_64.whl", hash = "sha256:1249cbbf3d3b04902ff081ffbb33ce3377fa6e4c7356f759f3cd076cc138d020"},
    {file = "charset_normalizer-3.2.0-cp39-cp39-win32.whl", hash = "sha256:6c409c0deba34f147f77efaa67b8e4bb83d2f11c8806405f76397ae5b8c0d1c9"},
    {file = "charset_normalizer-3.2.0-cp39-cp39-win_amd64.whl", hash = "sha256:7095f6fbfaa55defb6b733cfeb14efaae7a29f0b59d8cf213be4e7ca0b857b80"},
    {file = "charset_normalizer-3.2.0-py3-none-any.whl", hash = "sha256:8e098148dd37b4ce3baca71fb394c81dc5d9c7728c95df695d2dca218edf40e6"},
]

[[package]]
name = "idna"
version = "3.4"
description = "Internationalized Domain Names in Applications (IDNA)"
optional = false
python-versions = ">=3.5"
files = [
    {file = "idna-3.4-py3-none-any.whl", hash = "sha256:90b77e79eaa3eba6de819a0c442c0b4ceefc341a7a2ab77d7562bf49f425c5c2"},
    {file = "idna-3.4.tar.gz", hash = "sha256:814f528e8dead7d329833b91c5faa87d60bf71824cd12a7530b5526063d02cb4"},
]

[[package]]
name = "jsonschema"
version = "4.19.0"
description = "An implementation of JSON Schema validation for Python"
optional = false
python-versions = ">=3.8"
files = [
    {file = "jsonschema-4.19.0-py3-none-any.whl", hash = "sha256:043dc26a3845ff09d20e4420d6012a9c91c9aa8999fa184e7efcfeccb41e32cb"},
    {file = "jsonschema-4.19.0.tar.gz", hash = "sha256:6e1e7569ac13be8139b2dd2c21a55d350066ee3f80df06c608b398cdc6f30e8f"},
]

[package.dependencies]
attrs = ">=22.2.0"
jsonschema-specifications = ">=2023.03.6"
referencing = ">=0.28.4"
rpds-py = ">=0.7.1"

[package.extras]
format = ["fqdn", "idna", "isoduration", "jsonpointer (>1.13)", "rfc3339-validator", "rfc3987", "uri-template", "webcolors (>=1.11)"]
format-nongpl = ["fqdn", "idna", "isoduration", "jsonpointer (>1.13)", "rfc3339-validator", "rfc3986-validator (>0.1.0)", "uri-template", "webcolors (>=1.11)"]

[[package]]
name = "jsonschema-specifications"
version = "2023.7.1"
description = "The JSON Schema meta-schemas and vocabularies, exposed as a Registry"
optional = false
python-versions = ">=3.8"
files = [
    {file = "jsonschema_specifications-2023.7.1-py3-none-any.whl", hash = "sha256:05adf340b659828a004220a9613be00fa3f223f2b82002e273dee62fd50524b1"},
    {file = "jsonschema_specifications-2023.7.1.tar.gz", hash = "sha256:c91a50404e88a1f6ba40636778e2ee08f6e24c5613fe4c53ac24578a5a7f72bb"},
]

[package.dependencies]
referencing = ">=0.28.0"

[[package]]
name = "pyyaml"
version = "6.0.1"
description = "YAML parser and emitter for Python"
optional = false
python-versions = ">=3.6"
files = [
    {file = "PyYAML-6.0.1-cp310-cp310-macosx_10_9_x86_64.whl", hash = "sha256:d858aa552c999bc8a8d57426ed01e40bef403cd8ccdd0fc5f6f04a00414cac2a"},
    {file = "PyYAML-6.0.1-cp310-cp310-macosx_11_0_arm64.whl", hash = "sha256:fd66fc5d0da6d9815ba2cebeb4205f95818ff4b79c3ebe268e75d961704af52f"},
    {file = "PyYAML-6.0.1-cp310-cp310-manylinux_2_17_aarch64.manylinux2014_aarch64.whl", hash = "sha256:69b023b2b4daa7548bcfbd4aa3da05b3a74b772db9e23b982788168117739938"},
    {file = "PyYAML-6.0.1-cp310-cp310-manylinux_2_17_s390x.manylinux2014_s390x.whl", hash = "sha256:81e0b275a9ecc9c0c0c07b4b90ba548307583c125f54d5b6946cfee6360c733d"},
    {file = "PyYAML-6.0.1-cp310-cp310-manylinux_2_17_x86_64.manylinux2014_x86_64.whl", hash = "sha256:ba336e390cd8e4d1739f42dfe9bb83a3cc2e80f567d8805e11b46f4a943f5515"},
    {file = "PyYAML-6.0.1-cp310-cp310-win32.whl", hash = "sha256:bd4af7373a854424dabd882decdc5579653d7868b8fb26dc7d0e99f823aa5924"},
    {file = "PyYAML-6.0.1-cp310-cp310-win_amd64.whl", hash = "sha256:fd1592b3fdf65fff2ad0004b5e363300ef59ced41c2e6b3a99d4089fa8c5435d"},
    {file = "PyYAML-6.0.1-cp311-cp311-macosx_10_9_x86_64.whl", hash = "sha256:6965a7bc3cf88e5a1c3bd2e0b5c22f8d677dc88a455344035f03399034eb3007"},
    {file = "PyYAML-6.0.1-cp311-cp311-macosx_11_0_arm64.whl", hash = "sha256:f003ed9ad21d6a4713f0a9b5a7a0a79e08dd0f221aff4525a2be4c346ee60aab"},
    {file = "PyYAML-6.0.1-cp311-cp311-manylinux_2_17_aarch64.manylinux2014_aarch64.whl", hash = "sha256:42f8152b8dbc4fe7d96729ec2b99c7097d656dc1213a3229ca5383f973a5ed6d"},
    {file = "PyYAML-6.0.1-cp311-cp311-manylinux_2_17_s390x.manylinux2014_s390x.whl", hash = "sha256:062582fca9fabdd2c8b54a3ef1c978d786e0f6b3a1510e0ac93ef59e0ddae2bc"},
    {file = "PyYAML-6.0.1-cp311-cp311-manylinux_2_17_x86_64.manylinux2014_x86_64.whl", hash = "sha256:d2b04aac4d386b172d5b9692e2d2da8de7bfb6c387fa4f801fbf6fb2e6ba4673"},
    {file = "PyYAML-6.0.1-cp311-cp311-win32.whl", hash = "sha256:1635fd110e8d85d55237ab316b5b011de701ea0f29d07611174a1b42f1444741"},
    {file = "PyYAML-6.0.1-cp311-cp311-win_amd64.whl", hash = "sha256:bf07ee2fef7014951eeb99f56f39c9bb4af143d8aa3c21b1677805985307da34"},
    {file = "PyYAML-6.0.1-cp36-cp36m-macosx_10_9_x86_64.whl", hash = "sha256:50550eb667afee136e9a77d6dc71ae76a44df8b3e51e41b77f6de2932bfe0f47"},
    {file = "PyYAML-6.0.1-cp36-cp36m-manylinux_2_17_aarch64.manylinux2014_aarch64.whl", hash = "sha256:1fe35611261b29bd1de0070f0b2f47cb6ff71fa6595c077e42bd0c419fa27b98"},
    {file = "PyYAML-6.0.1-cp36-cp36m-manylinux_2_17_s390x.manylinux2014_s390x.whl", hash = "sha256:704219a11b772aea0d8ecd7058d0082713c3562b4e271b849ad7dc4a5c90c13c"},
    {file = "PyYAML-6.0.1-cp36-cp36m-manylinux_2_17_x86_64.manylinux2014_x86_64.whl", hash = "sha256:afd7e57eddb1a54f0f1a974bc4391af8bcce0b444685d936840f125cf046d5bd"},
    {file = "PyYAML-6.0.1-cp36-cp36m-win32.whl", hash = "sha256:fca0e3a251908a499833aa292323f32437106001d436eca0e6e7833256674585"},
    {file = "PyYAML-6.0.1-cp36-cp36m-win_amd64.whl", hash = "sha256:f22ac1c3cac4dbc50079e965eba2c1058622631e526bd9afd45fedd49ba781fa"},
    {file = "PyYAML-6.0.1-cp37-cp37m-macosx_10_9_x86_64.whl", hash = "sha256:b1275ad35a5d18c62a7220633c913e1b42d44b46ee12554e5fd39c70a243d6a3"},
    {file = "PyYAML-6.0.1-cp37-cp37m-manylinux_2_17_aarch64.manylinux2014_aarch64.whl", hash = "sha256:18aeb1bf9a78867dc38b259769503436b7c72f7a1f1f4c93ff9a17de54319b27"},
    {file = "PyYAML-6.0.1-cp37-cp37m-manylinux_2_17_s390x.manylinux2014_s390x.whl", hash = "sha256:596106435fa6ad000c2991a98fa58eeb8656ef2325d7e158344fb33864ed87e3"},
    {file = "PyYAML-6.0.1-cp37-cp37m-manylinux_2_17_x86_64.manylinux2014_x86_64.whl", hash = "sha256:baa90d3f661d43131ca170712d903e6295d1f7a0f595074f151c0aed377c9b9c"},
    {file = "PyYAML-6.0.1-cp37-cp37m-win32.whl", hash = "sha256:9046c58c4395dff28dd494285c82ba00b546adfc7ef001486fbf0324bc174fba"},
    {file = "PyYAML-6.0.1-cp37-cp37m-win_amd64.whl", hash = "sha256:4fb147e7a67ef577a588a0e2c17b6db51dda102c71de36f8549b6816a96e1867"},
    {file = "PyYAML-6.0.1-cp38-cp38-macosx_10_9_x86_64.whl", hash = "sha256:1d4c7e777c441b20e32f52bd377e0c409713e8bb1386e1099c2415f26e479595"},
    {file = "PyYAML-6.0.1-cp38-cp38-manylinux_2_17_aarch64.manylinux2014_aarch64.whl", hash = "sha256:a0cd17c15d3bb3fa06978b4e8958dcdc6e0174ccea823003a106c7d4d7899ac5"},
    {file = "PyYAML-6.0.1-cp38-cp38-manylinux_2_17_s390x.manylinux2014_s390x.whl", hash = "sha256:28c119d996beec18c05208a8bd78cbe4007878c6dd15091efb73a30e90539696"},
    {file = "PyYAML-6.0.1-cp38-cp38-manylinux_2_17_x86_64.manylinux2014_x86_64.whl", hash = "sha256:7e07cbde391ba96ab58e532ff4803f79c4129397514e1413a7dc761ccd755735"},
    {file = "PyYAML-6.0.1-cp38-cp38-win32.whl", hash = "sha256:184c5108a2aca3c5b3d3bf9395d50893a7ab82a38004c8f61c258d4428e80206"},
    {file = "PyYAML-6.0.1-cp38-cp38-win_amd64.whl", hash = "sha256:1e2722cc9fbb45d9b87631ac70924c11d3a401b2d7f410cc0e3bbf249f2dca62"},
    {file = "PyYAML-6.0.1-cp39-cp39-macosx_10_9_x86_64.whl", hash = "sha256:9eb6caa9a297fc2c2fb8862bc5370d0303ddba53ba97e71f08023b6cd73d16a8"},
    {file = "PyYAML-6.0.1-cp39-cp39-macosx_11_0_arm64.whl", hash = "sha256:c8098ddcc2a85b61647b2590f825f3db38891662cfc2fc776415143f599bb859"},
    {file = "PyYAML-6.0.1-cp39-cp39-manylinux_2_17_aarch64.manylinux2014_aarch64.whl", hash = "sha256:5773183b6446b2c99bb77e77595dd486303b4faab2b086e7b17bc6bef28865f6"},
    {file = "PyYAML-6.0.1-cp39-cp39-manylinux_2_17_s390x.manylinux2014_s390x.whl", hash = "sha256:b786eecbdf8499b9ca1d697215862083bd6d2a99965554781d0d8d1ad31e13a0"},
    {file = "PyYAML-6.0.1-cp39-cp39-manylinux_2_17_x86_64.manylinux2014_x86_64.whl", hash = "sha256:bc1bf2925a1ecd43da378f4db9e4f799775d6367bdb94671027b73b393a7c42c"},
    {file = "PyYAML-6.0.1-cp39-cp39-win32.whl", hash = "sha256:faca3bdcf85b2fc05d06ff3fbc1f83e1391b3e724afa3feba7d13eeab355484c"},
    {file = "PyYAML-6.0.1-cp39-cp39-win_amd64.whl", hash = "sha256:510c9deebc5c0225e8c96813043e62b680ba2f9c50a08d3724c7f28a747d1486"},
    {file = "PyYAML-6.0.1.tar.gz", hash = "sha256:bfdf460b1736c775f2ba9f6a92bca30bc2095067b8a9d77876d1fad6cc3b4a43"},
]

[[package]]
name = "referencing"
version = "0.30.0"
description = "JSON Referencing + Python"
optional = false
python-versions = ">=3.8"
files = [
    {file = "referencing-0.30.0-py3-none-any.whl", hash = "sha256:c257b08a399b6c2f5a3510a50d28ab5dbc7bbde049bcaf954d43c446f83ab548"},
    {file = "referencing-0.30.0.tar.gz", hash = "sha256:47237742e990457f7512c7d27486394a9aadaf876cbfaa4be65b27b4f4d47c6b"},
]

[package.dependencies]
attrs = ">=22.2.0"
rpds-py = ">=0.7.0"

[[package]]
name = "requests"
version = "2.31.0"
description = "Python HTTP for Humans."
optional = false
python-versions = ">=3.7"
files = [
    {file = "requests-2.31.0-py3-none-any.whl", hash = "sha256:58cd2187c01e70e6e26505bca751777aa9f2ee0b7f4300988b709f44e013003f"},
    {file = "requests-2.31.0.tar.gz", hash = "sha256:942c5a758f98d790eaed1a29cb6eefc7ffb0d1cf7af05c3d2791656dbd6ad1e1"},
]

[package.dependencies]
certifi = ">=2017.4.17"
charset-normalizer = ">=2,<4"
idna = ">=2.5,<4"
urllib3 = ">=1.21.1,<3"

[package.extras]
socks = ["PySocks (>=1.5.6,!=1.5.7)"]
use-chardet-on-py3 = ["chardet (>=3.0.2,<6)"]

[[package]]
name = "rpds-py"
version = "0.9.2"
description = "Python bindings to Rust's persistent data structures (rpds)"
optional = false
python-versions = ">=3.8"
files = [
    {file = "rpds_py-0.9.2-cp310-cp310-macosx_10_7_x86_64.whl", hash = "sha256:ab6919a09c055c9b092798ce18c6c4adf49d24d4d9e43a92b257e3f2548231e7"},
    {file = "rpds_py-0.9.2-cp310-cp310-macosx_11_0_arm64.whl", hash = "sha256:d55777a80f78dd09410bd84ff8c95ee05519f41113b2df90a69622f5540c4f8b"},
    {file = "rpds_py-0.9.2-cp310-cp310-manylinux_2_17_aarch64.manylinux2014_aarch64.whl", hash = "sha256:a216b26e5af0a8e265d4efd65d3bcec5fba6b26909014effe20cd302fd1138fa"},
    {file = "rpds_py-0.9.2-cp310-cp310-manylinux_2_17_armv7l.manylinux2014_armv7l.whl", hash = "sha256:29cd8bfb2d716366a035913ced99188a79b623a3512292963d84d3e06e63b496"},
    {file = "rpds_py-0.9.2-cp310-cp310-manylinux_2_17_ppc64le.manylinux2014_ppc64le.whl", hash = "sha256:44659b1f326214950a8204a248ca6199535e73a694be8d3e0e869f820767f12f"},
    {file = "rpds_py-0.9.2-cp310-cp310-manylinux_2_17_s390x.manylinux2014_s390x.whl", hash = "sha256:745f5a43fdd7d6d25a53ab1a99979e7f8ea419dfefebcab0a5a1e9095490ee5e"},
    {file = "rpds_py-0.9.2-cp310-cp310-manylinux_2_17_x86_64.manylinux2014_x86_64.whl", hash = "sha256:a987578ac5214f18b99d1f2a3851cba5b09f4a689818a106c23dbad0dfeb760f"},
    {file = "rpds_py-0.9.2-cp310-cp310-manylinux_2_5_i686.manylinux1_i686.whl", hash = "sha256:bf4151acb541b6e895354f6ff9ac06995ad9e4175cbc6d30aaed08856558201f"},
    {file = "rpds_py-0.9.2-cp310-cp310-musllinux_1_2_aarch64.whl", hash = "sha256:03421628f0dc10a4119d714a17f646e2837126a25ac7a256bdf7c3943400f67f"},
    {file = "rpds_py-0.9.2-cp310-cp310-musllinux_1_2_i686.whl", hash = "sha256:13b602dc3e8dff3063734f02dcf05111e887f301fdda74151a93dbbc249930fe"},
    {file = "rpds_py-0.9.2-cp310-cp310-musllinux_1_2_x86_64.whl", hash = "sha256:fae5cb554b604b3f9e2c608241b5d8d303e410d7dfb6d397c335f983495ce7f6"},
    {file = "rpds_py-0.9.2-cp310-none-win32.whl", hash = "sha256:47c5f58a8e0c2c920cc7783113df2fc4ff12bf3a411d985012f145e9242a2764"},
    {file = "rpds_py-0.9.2-cp310-none-win_amd64.whl", hash = "sha256:4ea6b73c22d8182dff91155af018b11aac9ff7eca085750455c5990cb1cfae6e"},
    {file = "rpds_py-0.9.2-cp311-cp311-macosx_10_7_x86_64.whl", hash = "sha256:e564d2238512c5ef5e9d79338ab77f1cbbda6c2d541ad41b2af445fb200385e3"},
    {file = "rpds_py-0.9.2-cp311-cp311-macosx_11_0_arm64.whl", hash = "sha256:f411330a6376fb50e5b7a3e66894e4a39e60ca2e17dce258d53768fea06a37bd"},
    {file = "rpds_py-0.9.2-cp311-cp311-manylinux_2_17_aarch64.manylinux2014_aarch64.whl", hash = "sha256:0e7521f5af0233e89939ad626b15278c71b69dc1dfccaa7b97bd4cdf96536bb7"},
    {file = "rpds_py-0.9.2-cp311-cp311-manylinux_2_17_armv7l.manylinux2014_armv7l.whl", hash = "sha256:8d3335c03100a073883857e91db9f2e0ef8a1cf42dc0369cbb9151c149dbbc1b"},
    {file = "rpds_py-0.9.2-cp311-cp311-manylinux_2_17_ppc64le.manylinux2014_ppc64le.whl", hash = "sha256:d25b1c1096ef0447355f7293fbe9ad740f7c47ae032c2884113f8e87660d8f6e"},
    {file = "rpds_py-0.9.2-cp311-cp311-manylinux_2_17_s390x.manylinux2014_s390x.whl", hash = "sha256:6a5d3fbd02efd9cf6a8ffc2f17b53a33542f6b154e88dd7b42ef4a4c0700fdad"},
    {file = "rpds_py-0.9.2-cp311-cp311-manylinux_2_17_x86_64.manylinux2014_x86_64.whl", hash = "sha256:c5934e2833afeaf36bd1eadb57256239785f5af0220ed8d21c2896ec4d3a765f"},
    {file = "rpds_py-0.9.2-cp311-cp311-manylinux_2_5_i686.manylinux1_i686.whl", hash = "sha256:095b460e117685867d45548fbd8598a8d9999227e9061ee7f012d9d264e6048d"},
    {file = "rpds_py-0.9.2-cp311-cp311-musllinux_1_2_aarch64.whl", hash = "sha256:91378d9f4151adc223d584489591dbb79f78814c0734a7c3bfa9c9e09978121c"},
    {file = "rpds_py-0.9.2-cp311-cp311-musllinux_1_2_i686.whl", hash = "sha256:24a81c177379300220e907e9b864107614b144f6c2a15ed5c3450e19cf536fae"},
    {file = "rpds_py-0.9.2-cp311-cp311-musllinux_1_2_x86_64.whl", hash = "sha256:de0b6eceb46141984671802d412568d22c6bacc9b230174f9e55fc72ef4f57de"},
    {file = "rpds_py-0.9.2-cp311-none-win32.whl", hash = "sha256:700375326ed641f3d9d32060a91513ad668bcb7e2cffb18415c399acb25de2ab"},
    {file = "rpds_py-0.9.2-cp311-none-win_amd64.whl", hash = "sha256:0766babfcf941db8607bdaf82569ec38107dbb03c7f0b72604a0b346b6eb3298"},
    {file = "rpds_py-0.9.2-cp312-cp312-macosx_10_7_x86_64.whl", hash = "sha256:b1440c291db3f98a914e1afd9d6541e8fc60b4c3aab1a9008d03da4651e67386"},
    {file = "rpds_py-0.9.2-cp312-cp312-macosx_11_0_arm64.whl", hash = "sha256:0f2996fbac8e0b77fd67102becb9229986396e051f33dbceada3debaacc7033f"},
    {file = "rpds_py-0.9.2-cp312-cp312-manylinux_2_17_aarch64.manylinux2014_aarch64.whl", hash = "sha256:9f30d205755566a25f2ae0382944fcae2f350500ae4df4e795efa9e850821d82"},
    {file = "rpds_py-0.9.2-cp312-cp312-manylinux_2_17_armv7l.manylinux2014_armv7l.whl", hash = "sha256:159fba751a1e6b1c69244e23ba6c28f879a8758a3e992ed056d86d74a194a0f3"},
    {file = "rpds_py-0.9.2-cp312-cp312-manylinux_2_17_ppc64le.manylinux2014_ppc64le.whl", hash = "sha256:a1f044792e1adcea82468a72310c66a7f08728d72a244730d14880cd1dabe36b"},
    {file = "rpds_py-0.9.2-cp312-cp312-manylinux_2_17_s390x.manylinux2014_s390x.whl", hash = "sha256:9251eb8aa82e6cf88510530b29eef4fac825a2b709baf5b94a6094894f252387"},
    {file = "rpds_py-0.9.2-cp312-cp312-manylinux_2_17_x86_64.manylinux2014_x86_64.whl", hash = "sha256:01899794b654e616c8625b194ddd1e5b51ef5b60ed61baa7a2d9c2ad7b2a4238"},
    {file = "rpds_py-0.9.2-cp312-cp312-manylinux_2_5_i686.manylinux1_i686.whl", hash = "sha256:b0c43f8ae8f6be1d605b0465671124aa8d6a0e40f1fb81dcea28b7e3d87ca1e1"},
    {file = "rpds_py-0.9.2-cp312-cp312-musllinux_1_2_aarch64.whl", hash = "sha256:207f57c402d1f8712618f737356e4b6f35253b6d20a324d9a47cb9f38ee43a6b"},
    {file = "rpds_py-0.9.2-cp312-cp312-musllinux_1_2_i686.whl", hash = "sha256:b52e7c5ae35b00566d244ffefba0f46bb6bec749a50412acf42b1c3f402e2c90"},
    {file = "rpds_py-0.9.2-cp312-cp312-musllinux_1_2_x86_64.whl", hash = "sha256:978fa96dbb005d599ec4fd9ed301b1cc45f1a8f7982d4793faf20b404b56677d"},
    {file = "rpds_py-0.9.2-cp38-cp38-macosx_10_7_x86_64.whl", hash = "sha256:6aa8326a4a608e1c28da191edd7c924dff445251b94653988efb059b16577a4d"},
    {file = "rpds_py-0.9.2-cp38-cp38-macosx_11_0_arm64.whl", hash = "sha256:aad51239bee6bff6823bbbdc8ad85136c6125542bbc609e035ab98ca1e32a192"},
    {file = "rpds_py-0.9.2-cp38-cp38-manylinux_2_17_aarch64.manylinux2014_aarch64.whl", hash = "sha256:4bd4dc3602370679c2dfb818d9c97b1137d4dd412230cfecd3c66a1bf388a196"},
    {file = "rpds_py-0.9.2-cp38-cp38-manylinux_2_17_armv7l.manylinux2014_armv7l.whl", hash = "sha256:dd9da77c6ec1f258387957b754f0df60766ac23ed698b61941ba9acccd3284d1"},
    {file = "rpds_py-0.9.2-cp38-cp38-manylinux_2_17_ppc64le.manylinux2014_ppc64le.whl", hash = "sha256:190ca6f55042ea4649ed19c9093a9be9d63cd8a97880106747d7147f88a49d18"},
    {file = "rpds_py-0.9.2-cp38-cp38-manylinux_2_17_s390x.manylinux2014_s390x.whl", hash = "sha256:876bf9ed62323bc7dcfc261dbc5572c996ef26fe6406b0ff985cbcf460fc8a4c"},
    {file = "rpds_py-0.9.2-cp38-cp38-manylinux_2_17_x86_64.manylinux2014_x86_64.whl", hash = "sha256:fa2818759aba55df50592ecbc95ebcdc99917fa7b55cc6796235b04193eb3c55"},
    {file = "rpds_py-0.9.2-cp38-cp38-manylinux_2_5_i686.manylinux1_i686.whl", hash = "sha256:9ea4d00850ef1e917815e59b078ecb338f6a8efda23369677c54a5825dbebb55"},
    {file = "rpds_py-0.9.2-cp38-cp38-musllinux_1_2_aarch64.whl", hash = "sha256:5855c85eb8b8a968a74dc7fb014c9166a05e7e7a8377fb91d78512900aadd13d"},
    {file = "rpds_py-0.9.2-cp38-cp38-musllinux_1_2_i686.whl", hash = "sha256:14c408e9d1a80dcb45c05a5149e5961aadb912fff42ca1dd9b68c0044904eb32"},
    {file = "rpds_py-0.9.2-cp38-cp38-musllinux_1_2_x86_64.whl", hash = "sha256:65a0583c43d9f22cb2130c7b110e695fff834fd5e832a776a107197e59a1898e"},
    {file = "rpds_py-0.9.2-cp38-none-win32.whl", hash = "sha256:71f2f7715935a61fa3e4ae91d91b67e571aeb5cb5d10331ab681256bda2ad920"},
    {file = "rpds_py-0.9.2-cp38-none-win_amd64.whl", hash = "sha256:674c704605092e3ebbbd13687b09c9f78c362a4bc710343efe37a91457123044"},
    {file = "rpds_py-0.9.2-cp39-cp39-macosx_10_7_x86_64.whl", hash = "sha256:07e2c54bef6838fa44c48dfbc8234e8e2466d851124b551fc4e07a1cfeb37260"},
    {file = "rpds_py-0.9.2-cp39-cp39-macosx_11_0_arm64.whl", hash = "sha256:f7fdf55283ad38c33e35e2855565361f4bf0abd02470b8ab28d499c663bc5d7c"},
    {file = "rpds_py-0.9.2-cp39-cp39-manylinux_2_17_aarch64.manylinux2014_aarch64.whl", hash = "sha256:890ba852c16ace6ed9f90e8670f2c1c178d96510a21b06d2fa12d8783a905193"},
    {file = "rpds_py-0.9.2-cp39-cp39-manylinux_2_17_armv7l.manylinux2014_armv7l.whl", hash = "sha256:50025635ba8b629a86d9d5474e650da304cb46bbb4d18690532dd79341467846"},
    {file = "rpds_py-0.9.2-cp39-cp39-manylinux_2_17_ppc64le.manylinux2014_ppc64le.whl", hash = "sha256:517cbf6e67ae3623c5127206489d69eb2bdb27239a3c3cc559350ef52a3bbf0b"},
    {file = "rpds_py-0.9.2-cp39-cp39-manylinux_2_17_s390x.manylinux2014_s390x.whl", hash = "sha256:0836d71ca19071090d524739420a61580f3f894618d10b666cf3d9a1688355b1"},
    {file = "rpds_py-0.9.2-cp39-cp39-manylinux_2_17_x86_64.manylinux2014_x86_64.whl", hash = "sha256:9c439fd54b2b9053717cca3de9583be6584b384d88d045f97d409f0ca867d80f"},
    {file = "rpds_py-0.9.2-cp39-cp39-manylinux_2_5_i686.manylinux1_i686.whl", hash = "sha256:f68996a3b3dc9335037f82754f9cdbe3a95db42bde571d8c3be26cc6245f2324"},
    {file = "rpds_py-0.9.2-cp39-cp39-musllinux_1_2_aarch64.whl", hash = "sha256:7d68dc8acded354c972116f59b5eb2e5864432948e098c19fe6994926d8e15c3"},
    {file = "rpds_py-0.9.2-cp39-cp39-musllinux_1_2_i686.whl", hash = "sha256:f963c6b1218b96db85fc37a9f0851eaf8b9040aa46dec112611697a7023da535"},
    {file = "rpds_py-0.9.2-cp39-cp39-musllinux_1_2_x86_64.whl", hash = "sha256:5a46859d7f947061b4010e554ccd1791467d1b1759f2dc2ec9055fa239f1bc26"},
    {file = "rpds_py-0.9.2-cp39-none-win32.whl", hash = "sha256:e07e5dbf8a83c66783a9fe2d4566968ea8c161199680e8ad38d53e075df5f0d0"},
    {file = "rpds_py-0.9.2-cp39-none-win_amd64.whl", hash = "sha256:682726178138ea45a0766907957b60f3a1bf3acdf212436be9733f28b6c5af3c"},
    {file = "rpds_py-0.9.2-pp310-pypy310_pp73-macosx_10_7_x86_64.whl", hash = "sha256:196cb208825a8b9c8fc360dc0f87993b8b260038615230242bf18ec84447c08d"},
    {file = "rpds_py-0.9.2-pp310-pypy310_pp73-macosx_11_0_arm64.whl", hash = "sha256:c7671d45530fcb6d5e22fd40c97e1e1e01965fc298cbda523bb640f3d923b387"},
    {file = "rpds_py-0.9.2-pp310-pypy310_pp73-manylinux_2_17_aarch64.manylinux2014_aarch64.whl", hash = "sha256:83b32f0940adec65099f3b1c215ef7f1d025d13ff947975a055989cb7fd019a4"},
    {file = "rpds_py-0.9.2-pp310-pypy310_pp73-manylinux_2_17_armv7l.manylinux2014_armv7l.whl", hash = "sha256:7f67da97f5b9eac838b6980fc6da268622e91f8960e083a34533ca710bec8611"},
    {file = "rpds_py-0.9.2-pp310-pypy310_pp73-manylinux_2_17_ppc64le.manylinux2014_ppc64le.whl", hash = "sha256:03975db5f103997904c37e804e5f340c8fdabbb5883f26ee50a255d664eed58c"},
    {file = "rpds_py-0.9.2-pp310-pypy310_pp73-manylinux_2_17_s390x.manylinux2014_s390x.whl", hash = "sha256:987b06d1cdb28f88a42e4fb8a87f094e43f3c435ed8e486533aea0bf2e53d931"},
    {file = "rpds_py-0.9.2-pp310-pypy310_pp73-manylinux_2_17_x86_64.manylinux2014_x86_64.whl", hash = "sha256:c861a7e4aef15ff91233751619ce3a3d2b9e5877e0fcd76f9ea4f6847183aa16"},
    {file = "rpds_py-0.9.2-pp310-pypy310_pp73-manylinux_2_5_i686.manylinux1_i686.whl", hash = "sha256:02938432352359805b6da099c9c95c8a0547fe4b274ce8f1a91677401bb9a45f"},
    {file = "rpds_py-0.9.2-pp310-pypy310_pp73-musllinux_1_2_aarch64.whl", hash = "sha256:ef1f08f2a924837e112cba2953e15aacfccbbfcd773b4b9b4723f8f2ddded08e"},
    {file = "rpds_py-0.9.2-pp310-pypy310_pp73-musllinux_1_2_i686.whl", hash = "sha256:35da5cc5cb37c04c4ee03128ad59b8c3941a1e5cd398d78c37f716f32a9b7f67"},
    {file = "rpds_py-0.9.2-pp310-pypy310_pp73-musllinux_1_2_x86_64.whl", hash = "sha256:141acb9d4ccc04e704e5992d35472f78c35af047fa0cfae2923835d153f091be"},
    {file = "rpds_py-0.9.2-pp38-pypy38_pp73-macosx_10_7_x86_64.whl", hash = "sha256:79f594919d2c1a0cc17d1988a6adaf9a2f000d2e1048f71f298b056b1018e872"},
    {file = "rpds_py-0.9.2-pp38-pypy38_pp73-macosx_11_0_arm64.whl", hash = "sha256:a06418fe1155e72e16dddc68bb3780ae44cebb2912fbd8bb6ff9161de56e1798"},
    {file = "rpds_py-0.9.2-pp38-pypy38_pp73-manylinux_2_17_aarch64.manylinux2014_aarch64.whl", hash = "sha256:8b2eb034c94b0b96d5eddb290b7b5198460e2d5d0c421751713953a9c4e47d10"},
    {file = "rpds_py-0.9.2-pp38-pypy38_pp73-manylinux_2_17_armv7l.manylinux2014_armv7l.whl", hash = "sha256:8b08605d248b974eb02f40bdcd1a35d3924c83a2a5e8f5d0fa5af852c4d960af"},
    {file = "rpds_py-0.9.2-pp38-pypy38_pp73-manylinux_2_17_ppc64le.manylinux2014_ppc64le.whl", hash = "sha256:a0805911caedfe2736935250be5008b261f10a729a303f676d3d5fea6900c96a"},
    {file = "rpds_py-0.9.2-pp38-pypy38_pp73-manylinux_2_17_s390x.manylinux2014_s390x.whl", hash = "sha256:ab2299e3f92aa5417d5e16bb45bb4586171c1327568f638e8453c9f8d9e0f020"},
    {file = "rpds_py-0.9.2-pp38-pypy38_pp73-manylinux_2_17_x86_64.manylinux2014_x86_64.whl", hash = "sha256:8c8d7594e38cf98d8a7df25b440f684b510cf4627fe038c297a87496d10a174f"},
    {file = "rpds_py-0.9.2-pp38-pypy38_pp73-manylinux_2_5_i686.manylinux1_i686.whl", hash = "sha256:8b9ec12ad5f0a4625db34db7e0005be2632c1013b253a4a60e8302ad4d462afd"},
    {file = "rpds_py-0.9.2-pp38-pypy38_pp73-musllinux_1_2_aarch64.whl", hash = "sha256:1fcdee18fea97238ed17ab6478c66b2095e4ae7177e35fb71fbe561a27adf620"},
    {file = "rpds_py-0.9.2-pp38-pypy38_pp73-musllinux_1_2_i686.whl", hash = "sha256:933a7d5cd4b84f959aedeb84f2030f0a01d63ae6cf256629af3081cf3e3426e8"},
    {file = "rpds_py-0.9.2-pp38-pypy38_pp73-musllinux_1_2_x86_64.whl", hash = "sha256:686ba516e02db6d6f8c279d1641f7067ebb5dc58b1d0536c4aaebb7bf01cdc5d"},
    {file = "rpds_py-0.9.2-pp39-pypy39_pp73-macosx_10_7_x86_64.whl", hash = "sha256:0173c0444bec0a3d7d848eaeca2d8bd32a1b43f3d3fde6617aac3731fa4be05f"},
    {file = "rpds_py-0.9.2-pp39-pypy39_pp73-macosx_11_0_arm64.whl", hash = "sha256:d576c3ef8c7b2d560e301eb33891d1944d965a4d7a2eacb6332eee8a71827db6"},
    {file = "rpds_py-0.9.2-pp39-pypy39_pp73-manylinux_2_17_aarch64.manylinux2014_aarch64.whl", hash = "sha256:ed89861ee8c8c47d6beb742a602f912b1bb64f598b1e2f3d758948721d44d468"},
    {file = "rpds_py-0.9.2-pp39-pypy39_pp73-manylinux_2_17_armv7l.manylinux2014_armv7l.whl", hash = "sha256:1054a08e818f8e18910f1bee731583fe8f899b0a0a5044c6e680ceea34f93876"},
    {file = "rpds_py-0.9.2-pp39-pypy39_pp73-manylinux_2_17_ppc64le.manylinux2014_ppc64le.whl", hash = "sha256:99e7c4bb27ff1aab90dcc3e9d37ee5af0231ed98d99cb6f5250de28889a3d502"},
    {file = "rpds_py-0.9.2-pp39-pypy39_pp73-manylinux_2_17_s390x.manylinux2014_s390x.whl", hash = "sha256:c545d9d14d47be716495076b659db179206e3fd997769bc01e2d550eeb685596"},
    {file = "rpds_py-0.9.2-pp39-pypy39_pp73-manylinux_2_17_x86_64.manylinux2014_x86_64.whl", hash = "sha256:9039a11bca3c41be5a58282ed81ae422fa680409022b996032a43badef2a3752"},
    {file = "rpds_py-0.9.2-pp39-pypy39_pp73-manylinux_2_5_i686.manylinux1_i686.whl", hash = "sha256:fb39aca7a64ad0c9490adfa719dbeeb87d13be137ca189d2564e596f8ba32c07"},
    {file = "rpds_py-0.9.2-pp39-pypy39_pp73-musllinux_1_2_aarch64.whl", hash = "sha256:2d8b3b3a2ce0eaa00c5bbbb60b6713e94e7e0becab7b3db6c5c77f979e8ed1f1"},
    {file = "rpds_py-0.9.2-pp39-pypy39_pp73-musllinux_1_2_i686.whl", hash = "sha256:99b1c16f732b3a9971406fbfe18468592c5a3529585a45a35adbc1389a529a03"},
    {file = "rpds_py-0.9.2-pp39-pypy39_pp73-musllinux_1_2_x86_64.whl", hash = "sha256:c27ee01a6c3223025f4badd533bea5e87c988cb0ba2811b690395dfe16088cfe"},
    {file = "rpds_py-0.9.2.tar.gz", hash = "sha256:8d70e8f14900f2657c249ea4def963bed86a29b81f81f5b76b5a9215680de945"},
]

[[package]]
name = "urllib3"
version = "2.0.4"
description = "HTTP library with thread-safe connection pooling, file post, and more."
optional = false
python-versions = ">=3.7"
files = [
    {file = "urllib3-2.0.4-py3-none-any.whl", hash = "sha256:de7df1803967d2c2a98e4b11bb7d6bd9210474c46e8a0401514e3a42a75ebde4"},
    {file = "urllib3-2.0.4.tar.gz", hash = "sha256:8d22f86aae8ef5e410d4f539fde9ce6b2113a001bb4d189e0aed70642d602b11"},
]

[package.extras]
brotli = ["brotli (>=1.0.9)", "brotlicffi (>=0.8.0)"]
secure = ["certifi", "cryptography (>=1.9)", "idna (>=2.0.0)", "pyopenssl (>=17.1.0)", "urllib3-secure-extra"]
socks = ["pysocks (>=1.5.6,!=1.5.7,<2.0)"]
zstd = ["zstandard (>=0.18.0)"]

[metadata]
lock-version = "2.0"
python-versions = "^3.11"
content-hash = "481fee436aa368ad194ea4545cad7b0594c39acfce4ab793998d410d71eed4a7"
