# This file is automatically @generated by Poetry 1.5.1 and should not be changed by hand.

[[package]]
name = "attrs"
version = "23.1.0"
description = "Classes Without Boilerplate"
optional = false
python-versions = ">=3.7"
files = [
    {file = "attrs-23.1.0-py3-none-any.whl", hash = "sha256:1f28b4522cdc2fb4256ac1a020c78acf9cba2c6b461ccd2c126f3aa8e8335d04"},
    {file = "attrs-23.1.0.tar.gz", hash = "sha256:6279836d581513a26f1bf235f9acd333bc9115683f14f7e8fae46c98fc50e015"},
]

[package.extras]
cov = ["attrs[tests]", "coverage[toml] (>=5.3)"]
dev = ["attrs[docs,tests]", "pre-commit"]
docs = ["furo", "myst-parser", "sphinx", "sphinx-notfound-page", "sphinxcontrib-towncrier", "towncrier", "zope-interface"]
tests = ["attrs[tests-no-zope]", "zope-interface"]
tests-no-zope = ["cloudpickle", "hypothesis", "mypy (>=1.1.1)", "pympler", "pytest (>=4.3.0)", "pytest-mypy-plugins", "pytest-xdist[psutil]"]

[[package]]
name = "certifi"
version = "2023.5.7"
description = "Python package for providing Mozilla's CA Bundle."
optional = false
python-versions = ">=3.6"
files = [
    {file = "certifi-2023.5.7-py3-none-any.whl", hash = "sha256:c6c2e98f5c7869efca1f8916fed228dd91539f9f1b444c314c06eef02980c716"},
    {file = "certifi-2023.5.7.tar.gz", hash = "sha256:0f0d56dc5a6ad56fd4ba36484d6cc34451e1c6548c61daad8c320169f91eddc7"},
]

[[package]]
name = "charset-normalizer"
version = "3.1.0"
description = "The Real First Universal Charset Detector. Open, modern and actively maintained alternative to Chardet."
optional = false
python-versions = ">=3.7.0"
files = [
    {file = "charset-normalizer-3.1.0.tar.gz", hash = "sha256:34e0a2f9c370eb95597aae63bf85eb5e96826d81e3dcf88b8886012906f509b5"},
    {file = "charset_normalizer-3.1.0-cp310-cp310-macosx_10_9_universal2.whl", hash = "sha256:e0ac8959c929593fee38da1c2b64ee9778733cdf03c482c9ff1d508b6b593b2b"},
    {file = "charset_normalizer-3.1.0-cp310-cp310-macosx_10_9_x86_64.whl", hash = "sha256:d7fc3fca01da18fbabe4625d64bb612b533533ed10045a2ac3dd194bfa656b60"},
    {file = "charset_normalizer-3.1.0-cp310-cp310-macosx_11_0_arm64.whl", hash = "sha256:04eefcee095f58eaabe6dc3cc2262f3bcd776d2c67005880894f447b3f2cb9c1"},
    {file = "charset_normalizer-3.1.0-cp310-cp310-manylinux_2_17_aarch64.manylinux2014_aarch64.whl", hash = "sha256:20064ead0717cf9a73a6d1e779b23d149b53daf971169289ed2ed43a71e8d3b0"},
    {file = "charset_normalizer-3.1.0-cp310-cp310-manylinux_2_17_ppc64le.manylinux2014_ppc64le.whl", hash = "sha256:1435ae15108b1cb6fffbcea2af3d468683b7afed0169ad718451f8db5d1aff6f"},
    {file = "charset_normalizer-3.1.0-cp310-cp310-manylinux_2_17_s390x.manylinux2014_s390x.whl", hash = "sha256:c84132a54c750fda57729d1e2599bb598f5fa0344085dbde5003ba429a4798c0"},
    {file = "charset_normalizer-3.1.0-cp310-cp310-manylinux_2_17_x86_64.manylinux2014_x86_64.whl", hash = "sha256:75f2568b4189dda1c567339b48cba4ac7384accb9c2a7ed655cd86b04055c795"},
    {file = "charset_normalizer-3.1.0-cp310-cp310-manylinux_2_5_i686.manylinux1_i686.manylinux_2_17_i686.manylinux2014_i686.whl", hash = "sha256:11d3bcb7be35e7b1bba2c23beedac81ee893ac9871d0ba79effc7fc01167db6c"},
    {file = "charset_normalizer-3.1.0-cp310-cp310-musllinux_1_1_aarch64.whl", hash = "sha256:891cf9b48776b5c61c700b55a598621fdb7b1e301a550365571e9624f270c203"},
    {file = "charset_normalizer-3.1.0-cp310-cp310-musllinux_1_1_i686.whl", hash = "sha256:5f008525e02908b20e04707a4f704cd286d94718f48bb33edddc7d7b584dddc1"},
    {file = "charset_normalizer-3.1.0-cp310-cp310-musllinux_1_1_ppc64le.whl", hash = "sha256:b06f0d3bf045158d2fb8837c5785fe9ff9b8c93358be64461a1089f5da983137"},
    {file = "charset_normalizer-3.1.0-cp310-cp310-musllinux_1_1_s390x.whl", hash = "sha256:49919f8400b5e49e961f320c735388ee686a62327e773fa5b3ce6721f7e785ce"},
    {file = "charset_normalizer-3.1.0-cp310-cp310-musllinux_1_1_x86_64.whl", hash = "sha256:22908891a380d50738e1f978667536f6c6b526a2064156203d418f4856d6e86a"},
    {file = "charset_normalizer-3.1.0-cp310-cp310-win32.whl", hash = "sha256:12d1a39aa6b8c6f6248bb54550efcc1c38ce0d8096a146638fd4738e42284448"},
    {file = "charset_normalizer-3.1.0-cp310-cp310-win_amd64.whl", hash = "sha256:65ed923f84a6844de5fd29726b888e58c62820e0769b76565480e1fdc3d062f8"},
    {file = "charset_normalizer-3.1.0-cp311-cp311-macosx_10_9_universal2.whl", hash = "sha256:9a3267620866c9d17b959a84dd0bd2d45719b817245e49371ead79ed4f710d19"},
    {file = "charset_normalizer-3.1.0-cp311-cp311-macosx_10_9_x86_64.whl", hash = "sha256:6734e606355834f13445b6adc38b53c0fd45f1a56a9ba06c2058f86893ae8017"},
    {file = "charset_normalizer-3.1.0-cp311-cp311-macosx_11_0_arm64.whl", hash = "sha256:f8303414c7b03f794347ad062c0516cee0e15f7a612abd0ce1e25caf6ceb47df"},
    {file = "charset_normalizer-3.1.0-cp311-cp311-manylinux_2_17_aarch64.manylinux2014_aarch64.whl", hash = "sha256:aaf53a6cebad0eae578f062c7d462155eada9c172bd8c4d250b8c1d8eb7f916a"},
    {file = "charset_normalizer-3.1.0-cp311-cp311-manylinux_2_17_ppc64le.manylinux2014_ppc64le.whl", hash = "sha256:3dc5b6a8ecfdc5748a7e429782598e4f17ef378e3e272eeb1340ea57c9109f41"},
    {file = "charset_normalizer-3.1.0-cp311-cp311-manylinux_2_17_s390x.manylinux2014_s390x.whl", hash = "sha256:e1b25e3ad6c909f398df8921780d6a3d120d8c09466720226fc621605b6f92b1"},
    {file = "charset_normalizer-3.1.0-cp311-cp311-manylinux_2_17_x86_64.manylinux2014_x86_64.whl", hash = "sha256:0ca564606d2caafb0abe6d1b5311c2649e8071eb241b2d64e75a0d0065107e62"},
    {file = "charset_normalizer-3.1.0-cp311-cp311-manylinux_2_5_i686.manylinux1_i686.manylinux_2_17_i686.manylinux2014_i686.whl", hash = "sha256:b82fab78e0b1329e183a65260581de4375f619167478dddab510c6c6fb04d9b6"},
    {file = "charset_normalizer-3.1.0-cp311-cp311-musllinux_1_1_aarch64.whl", hash = "sha256:bd7163182133c0c7701b25e604cf1611c0d87712e56e88e7ee5d72deab3e76b5"},
    {file = "charset_normalizer-3.1.0-cp311-cp311-musllinux_1_1_i686.whl", hash = "sha256:11d117e6c63e8f495412d37e7dc2e2fff09c34b2d09dbe2bee3c6229577818be"},
    {file = "charset_normalizer-3.1.0-cp311-cp311-musllinux_1_1_ppc64le.whl", hash = "sha256:cf6511efa4801b9b38dc5546d7547d5b5c6ef4b081c60b23e4d941d0eba9cbeb"},
    {file = "charset_normalizer-3.1.0-cp311-cp311-musllinux_1_1_s390x.whl", hash = "sha256:abc1185d79f47c0a7aaf7e2412a0eb2c03b724581139193d2d82b3ad8cbb00ac"},
    {file = "charset_normalizer-3.1.0-cp311-cp311-musllinux_1_1_x86_64.whl", hash = "sha256:cb7b2ab0188829593b9de646545175547a70d9a6e2b63bf2cd87a0a391599324"},
    {file = "charset_normalizer-3.1.0-cp311-cp311-win32.whl", hash = "sha256:c36bcbc0d5174a80d6cccf43a0ecaca44e81d25be4b7f90f0ed7bcfbb5a00909"},
    {file = "charset_normalizer-3.1.0-cp311-cp311-win_amd64.whl", hash = "sha256:cca4def576f47a09a943666b8f829606bcb17e2bc2d5911a46c8f8da45f56755"},
    {file = "charset_normalizer-3.1.0-cp37-cp37m-macosx_10_9_x86_64.whl", hash = "sha256:0c95f12b74681e9ae127728f7e5409cbbef9cd914d5896ef238cc779b8152373"},
    {file = "charset_normalizer-3.1.0-cp37-cp37m-manylinux_2_17_aarch64.manylinux2014_aarch64.whl", hash = "sha256:fca62a8301b605b954ad2e9c3666f9d97f63872aa4efcae5492baca2056b74ab"},
    {file = "charset_normalizer-3.1.0-cp37-cp37m-manylinux_2_17_ppc64le.manylinux2014_ppc64le.whl", hash = "sha256:ac0aa6cd53ab9a31d397f8303f92c42f534693528fafbdb997c82bae6e477ad9"},
    {file = "charset_normalizer-3.1.0-cp37-cp37m-manylinux_2_17_s390x.manylinux2014_s390x.whl", hash = "sha256:c3af8e0f07399d3176b179f2e2634c3ce9c1301379a6b8c9c9aeecd481da494f"},
    {file = "charset_normalizer-3.1.0-cp37-cp37m-manylinux_2_17_x86_64.manylinux2014_x86_64.whl", hash = "sha256:3a5fc78f9e3f501a1614a98f7c54d3969f3ad9bba8ba3d9b438c3bc5d047dd28"},
    {file = "charset_normalizer-3.1.0-cp37-cp37m-manylinux_2_5_i686.manylinux1_i686.manylinux_2_17_i686.manylinux2014_i686.whl", hash = "sha256:628c985afb2c7d27a4800bfb609e03985aaecb42f955049957814e0491d4006d"},
    {file = "charset_normalizer-3.1.0-cp37-cp37m-musllinux_1_1_aarch64.whl", hash = "sha256:74db0052d985cf37fa111828d0dd230776ac99c740e1a758ad99094be4f1803d"},
    {file = "charset_normalizer-3.1.0-cp37-cp37m-musllinux_1_1_i686.whl", hash = "sha256:1e8fcdd8f672a1c4fc8d0bd3a2b576b152d2a349782d1eb0f6b8e52e9954731d"},
    {file = "charset_normalizer-3.1.0-cp37-cp37m-musllinux_1_1_ppc64le.whl", hash = "sha256:04afa6387e2b282cf78ff3dbce20f0cc071c12dc8f685bd40960cc68644cfea6"},
    {file = "charset_normalizer-3.1.0-cp37-cp37m-musllinux_1_1_s390x.whl", hash = "sha256:dd5653e67b149503c68c4018bf07e42eeed6b4e956b24c00ccdf93ac79cdff84"},
    {file = "charset_normalizer-3.1.0-cp37-cp37m-musllinux_1_1_x86_64.whl", hash = "sha256:d2686f91611f9e17f4548dbf050e75b079bbc2a82be565832bc8ea9047b61c8c"},
    {file = "charset_normalizer-3.1.0-cp37-cp37m-win32.whl", hash = "sha256:4155b51ae05ed47199dc5b2a4e62abccb274cee6b01da5b895099b61b1982974"},
    {file = "charset_normalizer-3.1.0-cp37-cp37m-win_amd64.whl", hash = "sha256:322102cdf1ab682ecc7d9b1c5eed4ec59657a65e1c146a0da342b78f4112db23"},
    {file = "charset_normalizer-3.1.0-cp38-cp38-macosx_10_9_universal2.whl", hash = "sha256:e633940f28c1e913615fd624fcdd72fdba807bf53ea6925d6a588e84e1151531"},
    {file = "charset_normalizer-3.1.0-cp38-cp38-macosx_10_9_x86_64.whl", hash = "sha256:3a06f32c9634a8705f4ca9946d667609f52cf130d5548881401f1eb2c39b1e2c"},
    {file = "charset_normalizer-3.1.0-cp38-cp38-macosx_11_0_arm64.whl", hash = "sha256:7381c66e0561c5757ffe616af869b916c8b4e42b367ab29fedc98481d1e74e14"},
    {file = "charset_normalizer-3.1.0-cp38-cp38-manylinux_2_17_aarch64.manylinux2014_aarch64.whl", hash = "sha256:3573d376454d956553c356df45bb824262c397c6e26ce43e8203c4c540ee0acb"},
    {file = "charset_normalizer-3.1.0-cp38-cp38-manylinux_2_17_ppc64le.manylinux2014_ppc64le.whl", hash = "sha256:e89df2958e5159b811af9ff0f92614dabf4ff617c03a4c1c6ff53bf1c399e0e1"},
    {file = "charset_normalizer-3.1.0-cp38-cp38-manylinux_2_17_s390x.manylinux2014_s390x.whl", hash = "sha256:78cacd03e79d009d95635e7d6ff12c21eb89b894c354bd2b2ed0b4763373693b"},
    {file = "charset_normalizer-3.1.0-cp38-cp38-manylinux_2_17_x86_64.manylinux2014_x86_64.whl", hash = "sha256:de5695a6f1d8340b12a5d6d4484290ee74d61e467c39ff03b39e30df62cf83a0"},
    {file = "charset_normalizer-3.1.0-cp38-cp38-manylinux_2_5_i686.manylinux1_i686.manylinux_2_17_i686.manylinux2014_i686.whl", hash = "sha256:1c60b9c202d00052183c9be85e5eaf18a4ada0a47d188a83c8f5c5b23252f649"},
    {file = "charset_normalizer-3.1.0-cp38-cp38-musllinux_1_1_aarch64.whl", hash = "sha256:f645caaf0008bacf349875a974220f1f1da349c5dbe7c4ec93048cdc785a3326"},
    {file = "charset_normalizer-3.1.0-cp38-cp38-musllinux_1_1_i686.whl", hash = "sha256:ea9f9c6034ea2d93d9147818f17c2a0860d41b71c38b9ce4d55f21b6f9165a11"},
    {file = "charset_normalizer-3.1.0-cp38-cp38-musllinux_1_1_ppc64le.whl", hash = "sha256:80d1543d58bd3d6c271b66abf454d437a438dff01c3e62fdbcd68f2a11310d4b"},
    {file = "charset_normalizer-3.1.0-cp38-cp38-musllinux_1_1_s390x.whl", hash = "sha256:73dc03a6a7e30b7edc5b01b601e53e7fc924b04e1835e8e407c12c037e81adbd"},
    {file = "charset_normalizer-3.1.0-cp38-cp38-musllinux_1_1_x86_64.whl", hash = "sha256:6f5c2e7bc8a4bf7c426599765b1bd33217ec84023033672c1e9a8b35eaeaaaf8"},
    {file = "charset_normalizer-3.1.0-cp38-cp38-win32.whl", hash = "sha256:12a2b561af122e3d94cdb97fe6fb2bb2b82cef0cdca131646fdb940a1eda04f0"},
    {file = "charset_normalizer-3.1.0-cp38-cp38-win_amd64.whl", hash = "sha256:3160a0fd9754aab7d47f95a6b63ab355388d890163eb03b2d2b87ab0a30cfa59"},
    {file = "charset_normalizer-3.1.0-cp39-cp39-macosx_10_9_universal2.whl", hash = "sha256:38e812a197bf8e71a59fe55b757a84c1f946d0ac114acafaafaf21667a7e169e"},
    {file = "charset_normalizer-3.1.0-cp39-cp39-macosx_10_9_x86_64.whl", hash = "sha256:6baf0baf0d5d265fa7944feb9f7451cc316bfe30e8df1a61b1bb08577c554f31"},
    {file = "charset_normalizer-3.1.0-cp39-cp39-macosx_11_0_arm64.whl", hash = "sha256:8f25e17ab3039b05f762b0a55ae0b3632b2e073d9c8fc88e89aca31a6198e88f"},
    {file = "charset_normalizer-3.1.0-cp39-cp39-manylinux_2_17_aarch64.manylinux2014_aarch64.whl", hash = "sha256:3747443b6a904001473370d7810aa19c3a180ccd52a7157aacc264a5ac79265e"},
    {file = "charset_normalizer-3.1.0-cp39-cp39-manylinux_2_17_ppc64le.manylinux2014_ppc64le.whl", hash = "sha256:b116502087ce8a6b7a5f1814568ccbd0e9f6cfd99948aa59b0e241dc57cf739f"},
    {file = "charset_normalizer-3.1.0-cp39-cp39-manylinux_2_17_s390x.manylinux2014_s390x.whl", hash = "sha256:d16fd5252f883eb074ca55cb622bc0bee49b979ae4e8639fff6ca3ff44f9f854"},
    {file = "charset_normalizer-3.1.0-cp39-cp39-manylinux_2_17_x86_64.manylinux2014_x86_64.whl", hash = "sha256:21fa558996782fc226b529fdd2ed7866c2c6ec91cee82735c98a197fae39f706"},
    {file = "charset_normalizer-3.1.0-cp39-cp39-manylinux_2_5_i686.manylinux1_i686.manylinux_2_17_i686.manylinux2014_i686.whl", hash = "sha256:6f6c7a8a57e9405cad7485f4c9d3172ae486cfef1344b5ddd8e5239582d7355e"},
    {file = "charset_normalizer-3.1.0-cp39-cp39-musllinux_1_1_aarch64.whl", hash = "sha256:ac3775e3311661d4adace3697a52ac0bab17edd166087d493b52d4f4f553f9f0"},
    {file = "charset_normalizer-3.1.0-cp39-cp39-musllinux_1_1_i686.whl", hash = "sha256:10c93628d7497c81686e8e5e557aafa78f230cd9e77dd0c40032ef90c18f2230"},
    {file = "charset_normalizer-3.1.0-cp39-cp39-musllinux_1_1_ppc64le.whl", hash = "sha256:6f4f4668e1831850ebcc2fd0b1cd11721947b6dc7c00bf1c6bd3c929ae14f2c7"},
    {file = "charset_normalizer-3.1.0-cp39-cp39-musllinux_1_1_s390x.whl", hash = "sha256:0be65ccf618c1e7ac9b849c315cc2e8a8751d9cfdaa43027d4f6624bd587ab7e"},
    {file = "charset_normalizer-3.1.0-cp39-cp39-musllinux_1_1_x86_64.whl", hash = "sha256:53d0a3fa5f8af98a1e261de6a3943ca631c526635eb5817a87a59d9a57ebf48f"},
    {file = "charset_normalizer-3.1.0-cp39-cp39-win32.whl", hash = "sha256:a04f86f41a8916fe45ac5024ec477f41f886b3c435da2d4e3d2709b22ab02af1"},
    {file = "charset_normalizer-3.1.0-cp39-cp39-win_amd64.whl", hash = "sha256:830d2948a5ec37c386d3170c483063798d7879037492540f10a475e3fd6f244b"},
    {file = "charset_normalizer-3.1.0-py3-none-any.whl", hash = "sha256:3d9098b479e78c85080c98e1e35ff40b4a31d8953102bb0fd7d1b6f8a2111a3d"},
]

[[package]]
name = "idna"
version = "3.4"
description = "Internationalized Domain Names in Applications (IDNA)"
optional = false
python-versions = ">=3.5"
files = [
    {file = "idna-3.4-py3-none-any.whl", hash = "sha256:90b77e79eaa3eba6de819a0c442c0b4ceefc341a7a2ab77d7562bf49f425c5c2"},
    {file = "idna-3.4.tar.gz", hash = "sha256:814f528e8dead7d329833b91c5faa87d60bf71824cd12a7530b5526063d02cb4"},
]

[[package]]
name = "jsonschema"
version = "4.18.4"
description = "An implementation of JSON Schema validation for Python"
optional = false
python-versions = ">=3.8"
files = [
    {file = "jsonschema-4.18.4-py3-none-any.whl", hash = "sha256:971be834317c22daaa9132340a51c01b50910724082c2c1a2ac87eeec153a3fe"},
    {file = "jsonschema-4.18.4.tar.gz", hash = "sha256:fb3642735399fa958c0d2aad7057901554596c63349f4f6b283c493cf692a25d"},
]

[package.dependencies]
attrs = ">=22.2.0"
jsonschema-specifications = ">=2023.03.6"
referencing = ">=0.28.4"
rpds-py = ">=0.7.1"

[package.extras]
format = ["fqdn", "idna", "isoduration", "jsonpointer (>1.13)", "rfc3339-validator", "rfc3987", "uri-template", "webcolors (>=1.11)"]
format-nongpl = ["fqdn", "idna", "isoduration", "jsonpointer (>1.13)", "rfc3339-validator", "rfc3986-validator (>0.1.0)", "uri-template", "webcolors (>=1.11)"]

[[package]]
name = "jsonschema-specifications"
version = "2023.6.1"
description = "The JSON Schema meta-schemas and vocabularies, exposed as a Registry"
optional = false
python-versions = ">=3.8"
files = [
    {file = "jsonschema_specifications-2023.6.1-py3-none-any.whl", hash = "sha256:3d2b82663aff01815f744bb5c7887e2121a63399b49b104a3c96145474d091d7"},
    {file = "jsonschema_specifications-2023.6.1.tar.gz", hash = "sha256:ca1c4dd059a9e7b34101cf5b3ab7ff1d18b139f35950d598d629837ef66e8f28"},
]

[package.dependencies]
referencing = ">=0.28.0"

[[package]]
name = "pyyaml"
version = "6.0.1"
description = "YAML parser and emitter for Python"
optional = false
python-versions = ">=3.6"
files = [
    {file = "PyYAML-6.0.1-cp310-cp310-macosx_10_9_x86_64.whl", hash = "sha256:d858aa552c999bc8a8d57426ed01e40bef403cd8ccdd0fc5f6f04a00414cac2a"},
    {file = "PyYAML-6.0.1-cp310-cp310-macosx_11_0_arm64.whl", hash = "sha256:fd66fc5d0da6d9815ba2cebeb4205f95818ff4b79c3ebe268e75d961704af52f"},
    {file = "PyYAML-6.0.1-cp310-cp310-manylinux_2_17_aarch64.manylinux2014_aarch64.whl", hash = "sha256:69b023b2b4daa7548bcfbd4aa3da05b3a74b772db9e23b982788168117739938"},
    {file = "PyYAML-6.0.1-cp310-cp310-manylinux_2_17_s390x.manylinux2014_s390x.whl", hash = "sha256:81e0b275a9ecc9c0c0c07b4b90ba548307583c125f54d5b6946cfee6360c733d"},
    {file = "PyYAML-6.0.1-cp310-cp310-manylinux_2_17_x86_64.manylinux2014_x86_64.whl", hash = "sha256:ba336e390cd8e4d1739f42dfe9bb83a3cc2e80f567d8805e11b46f4a943f5515"},
    {file = "PyYAML-6.0.1-cp310-cp310-win32.whl", hash = "sha256:bd4af7373a854424dabd882decdc5579653d7868b8fb26dc7d0e99f823aa5924"},
    {file = "PyYAML-6.0.1-cp310-cp310-win_amd64.whl", hash = "sha256:fd1592b3fdf65fff2ad0004b5e363300ef59ced41c2e6b3a99d4089fa8c5435d"},
    {file = "PyYAML-6.0.1-cp311-cp311-macosx_10_9_x86_64.whl", hash = "sha256:6965a7bc3cf88e5a1c3bd2e0b5c22f8d677dc88a455344035f03399034eb3007"},
    {file = "PyYAML-6.0.1-cp311-cp311-macosx_11_0_arm64.whl", hash = "sha256:f003ed9ad21d6a4713f0a9b5a7a0a79e08dd0f221aff4525a2be4c346ee60aab"},
    {file = "PyYAML-6.0.1-cp311-cp311-manylinux_2_17_aarch64.manylinux2014_aarch64.whl", hash = "sha256:42f8152b8dbc4fe7d96729ec2b99c7097d656dc1213a3229ca5383f973a5ed6d"},
    {file = "PyYAML-6.0.1-cp311-cp311-manylinux_2_17_s390x.manylinux2014_s390x.whl", hash = "sha256:062582fca9fabdd2c8b54a3ef1c978d786e0f6b3a1510e0ac93ef59e0ddae2bc"},
    {file = "PyYAML-6.0.1-cp311-cp311-manylinux_2_17_x86_64.manylinux2014_x86_64.whl", hash = "sha256:d2b04aac4d386b172d5b9692e2d2da8de7bfb6c387fa4f801fbf6fb2e6ba4673"},
    {file = "PyYAML-6.0.1-cp311-cp311-win32.whl", hash = "sha256:1635fd110e8d85d55237ab316b5b011de701ea0f29d07611174a1b42f1444741"},
    {file = "PyYAML-6.0.1-cp311-cp311-win_amd64.whl", hash = "sha256:bf07ee2fef7014951eeb99f56f39c9bb4af143d8aa3c21b1677805985307da34"},
    {file = "PyYAML-6.0.1-cp36-cp36m-macosx_10_9_x86_64.whl", hash = "sha256:50550eb667afee136e9a77d6dc71ae76a44df8b3e51e41b77f6de2932bfe0f47"},
    {file = "PyYAML-6.0.1-cp36-cp36m-manylinux_2_17_aarch64.manylinux2014_aarch64.whl", hash = "sha256:1fe35611261b29bd1de0070f0b2f47cb6ff71fa6595c077e42bd0c419fa27b98"},
    {file = "PyYAML-6.0.1-cp36-cp36m-manylinux_2_17_s390x.manylinux2014_s390x.whl", hash = "sha256:704219a11b772aea0d8ecd7058d0082713c3562b4e271b849ad7dc4a5c90c13c"},
    {file = "PyYAML-6.0.1-cp36-cp36m-manylinux_2_17_x86_64.manylinux2014_x86_64.whl", hash = "sha256:afd7e57eddb1a54f0f1a974bc4391af8bcce0b444685d936840f125cf046d5bd"},
    {file = "PyYAML-6.0.1-cp36-cp36m-win32.whl", hash = "sha256:fca0e3a251908a499833aa292323f32437106001d436eca0e6e7833256674585"},
    {file = "PyYAML-6.0.1-cp36-cp36m-win_amd64.whl", hash = "sha256:f22ac1c3cac4dbc50079e965eba2c1058622631e526bd9afd45fedd49ba781fa"},
    {file = "PyYAML-6.0.1-cp37-cp37m-macosx_10_9_x86_64.whl", hash = "sha256:b1275ad35a5d18c62a7220633c913e1b42d44b46ee12554e5fd39c70a243d6a3"},
    {file = "PyYAML-6.0.1-cp37-cp37m-manylinux_2_17_aarch64.manylinux2014_aarch64.whl", hash = "sha256:18aeb1bf9a78867dc38b259769503436b7c72f7a1f1f4c93ff9a17de54319b27"},
    {file = "PyYAML-6.0.1-cp37-cp37m-manylinux_2_17_s390x.manylinux2014_s390x.whl", hash = "sha256:596106435fa6ad000c2991a98fa58eeb8656ef2325d7e158344fb33864ed87e3"},
    {file = "PyYAML-6.0.1-cp37-cp37m-manylinux_2_17_x86_64.manylinux2014_x86_64.whl", hash = "sha256:baa90d3f661d43131ca170712d903e6295d1f7a0f595074f151c0aed377c9b9c"},
    {file = "PyYAML-6.0.1-cp37-cp37m-win32.whl", hash = "sha256:9046c58c4395dff28dd494285c82ba00b546adfc7ef001486fbf0324bc174fba"},
    {file = "PyYAML-6.0.1-cp37-cp37m-win_amd64.whl", hash = "sha256:4fb147e7a67ef577a588a0e2c17b6db51dda102c71de36f8549b6816a96e1867"},
    {file = "PyYAML-6.0.1-cp38-cp38-macosx_10_9_x86_64.whl", hash = "sha256:1d4c7e777c441b20e32f52bd377e0c409713e8bb1386e1099c2415f26e479595"},
    {file = "PyYAML-6.0.1-cp38-cp38-manylinux_2_17_aarch64.manylinux2014_aarch64.whl", hash = "sha256:a0cd17c15d3bb3fa06978b4e8958dcdc6e0174ccea823003a106c7d4d7899ac5"},
    {file = "PyYAML-6.0.1-cp38-cp38-manylinux_2_17_s390x.manylinux2014_s390x.whl", hash = "sha256:28c119d996beec18c05208a8bd78cbe4007878c6dd15091efb73a30e90539696"},
    {file = "PyYAML-6.0.1-cp38-cp38-manylinux_2_17_x86_64.manylinux2014_x86_64.whl", hash = "sha256:7e07cbde391ba96ab58e532ff4803f79c4129397514e1413a7dc761ccd755735"},
    {file = "PyYAML-6.0.1-cp38-cp38-win32.whl", hash = "sha256:184c5108a2aca3c5b3d3bf9395d50893a7ab82a38004c8f61c258d4428e80206"},
    {file = "PyYAML-6.0.1-cp38-cp38-win_amd64.whl", hash = "sha256:1e2722cc9fbb45d9b87631ac70924c11d3a401b2d7f410cc0e3bbf249f2dca62"},
    {file = "PyYAML-6.0.1-cp39-cp39-macosx_10_9_x86_64.whl", hash = "sha256:9eb6caa9a297fc2c2fb8862bc5370d0303ddba53ba97e71f08023b6cd73d16a8"},
    {file = "PyYAML-6.0.1-cp39-cp39-macosx_11_0_arm64.whl", hash = "sha256:c8098ddcc2a85b61647b2590f825f3db38891662cfc2fc776415143f599bb859"},
    {file = "PyYAML-6.0.1-cp39-cp39-manylinux_2_17_aarch64.manylinux2014_aarch64.whl", hash = "sha256:5773183b6446b2c99bb77e77595dd486303b4faab2b086e7b17bc6bef28865f6"},
    {file = "PyYAML-6.0.1-cp39-cp39-manylinux_2_17_s390x.manylinux2014_s390x.whl", hash = "sha256:b786eecbdf8499b9ca1d697215862083bd6d2a99965554781d0d8d1ad31e13a0"},
    {file = "PyYAML-6.0.1-cp39-cp39-manylinux_2_17_x86_64.manylinux2014_x86_64.whl", hash = "sha256:bc1bf2925a1ecd43da378f4db9e4f799775d6367bdb94671027b73b393a7c42c"},
    {file = "PyYAML-6.0.1-cp39-cp39-win32.whl", hash = "sha256:faca3bdcf85b2fc05d06ff3fbc1f83e1391b3e724afa3feba7d13eeab355484c"},
    {file = "PyYAML-6.0.1-cp39-cp39-win_amd64.whl", hash = "sha256:510c9deebc5c0225e8c96813043e62b680ba2f9c50a08d3724c7f28a747d1486"},
    {file = "PyYAML-6.0.1.tar.gz", hash = "sha256:bfdf460b1736c775f2ba9f6a92bca30bc2095067b8a9d77876d1fad6cc3b4a43"},
]

[[package]]
name = "referencing"
version = "0.29.1"
description = "JSON Referencing + Python"
optional = false
python-versions = ">=3.8"
files = [
    {file = "referencing-0.29.1-py3-none-any.whl", hash = "sha256:d3c8f323ee1480095da44d55917cfb8278d73d6b4d5f677e3e40eb21314ac67f"},
    {file = "referencing-0.29.1.tar.gz", hash = "sha256:90cb53782d550ba28d2166ef3f55731f38397def8832baac5d45235f1995e35e"},
]

[package.dependencies]
attrs = ">=22.2.0"
rpds-py = ">=0.7.0"

[[package]]
name = "requests"
version = "2.31.0"
description = "Python HTTP for Humans."
optional = false
python-versions = ">=3.7"
files = [
    {file = "requests-2.31.0-py3-none-any.whl", hash = "sha256:58cd2187c01e70e6e26505bca751777aa9f2ee0b7f4300988b709f44e013003f"},
    {file = "requests-2.31.0.tar.gz", hash = "sha256:942c5a758f98d790eaed1a29cb6eefc7ffb0d1cf7af05c3d2791656dbd6ad1e1"},
]

[package.dependencies]
certifi = ">=2017.4.17"
charset-normalizer = ">=2,<4"
idna = ">=2.5,<4"
urllib3 = ">=1.21.1,<3"

[package.extras]
socks = ["PySocks (>=1.5.6,!=1.5.7)"]
use-chardet-on-py3 = ["chardet (>=3.0.2,<6)"]

[[package]]
name = "rpds-py"
version = "0.8.11"
description = "Python bindings to Rust's persistent data structures (rpds)"
optional = false
python-versions = ">=3.8"
files = [
    {file = "rpds_py-0.8.11-cp310-cp310-macosx_10_7_x86_64.whl", hash = "sha256:2708cb3df058446c9aaee8213ad472cbf6be798fa05baf81e2b1b0b67abadfa2"},
    {file = "rpds_py-0.8.11-cp310-cp310-macosx_11_0_arm64.whl", hash = "sha256:53467e07da630e31bcbe741616b2a006c11236e63688ad69324b8f71bf035b8b"},
    {file = "rpds_py-0.8.11-cp310-cp310-manylinux_2_17_aarch64.manylinux2014_aarch64.whl", hash = "sha256:d8e9244d1f115f29f14a261b8a03f2d8932a8dc1ff066c5b362df2d56c0e5109"},
    {file = "rpds_py-0.8.11-cp310-cp310-manylinux_2_17_armv7l.manylinux2014_armv7l.whl", hash = "sha256:e1c542d43857f75209e3f36354ad6846d143cfc0fe71886d661cd9ec5388cdef"},
    {file = "rpds_py-0.8.11-cp310-cp310-manylinux_2_17_ppc64le.manylinux2014_ppc64le.whl", hash = "sha256:f9763c409a2aa111fc0f7bb8cda00e2e3bcbac64830f9f529753d635d1ee8d56"},
    {file = "rpds_py-0.8.11-cp310-cp310-manylinux_2_17_s390x.manylinux2014_s390x.whl", hash = "sha256:f3da48aee9e0e5567a3bd23a5ee5cc9457fb60cf7af2ecb8b64317fedfc95231"},
    {file = "rpds_py-0.8.11-cp310-cp310-manylinux_2_17_x86_64.manylinux2014_x86_64.whl", hash = "sha256:af1a820a8046bad8e326db5a829057b2eb601127ee33360056158ef7c437460b"},
    {file = "rpds_py-0.8.11-cp310-cp310-manylinux_2_5_i686.manylinux1_i686.whl", hash = "sha256:ea3d22795f09e8cd4c4ac5ff2fe50fa32bd01fa2b48ac5d46479082325d40680"},
    {file = "rpds_py-0.8.11-cp310-cp310-musllinux_1_2_aarch64.whl", hash = "sha256:de5ffed29aa4461e269a7567211e730ec20eec0b47a87854639cd69fbe8c3e9f"},
    {file = "rpds_py-0.8.11-cp310-cp310-musllinux_1_2_i686.whl", hash = "sha256:96628ba384dc07af9df51d8ee0828ed0118b9229d9a78c1b70198313ec621033"},
    {file = "rpds_py-0.8.11-cp310-cp310-musllinux_1_2_x86_64.whl", hash = "sha256:2a7eb90d7df5a1a268cef733d2798dca39cf63dfb2d296356cd0e938e6c2090d"},
    {file = "rpds_py-0.8.11-cp310-none-win32.whl", hash = "sha256:67768f54ee4ff5c6811d505d14d22bc5e98b04743a12ee79637e06caec4cc7db"},
    {file = "rpds_py-0.8.11-cp310-none-win_amd64.whl", hash = "sha256:bb02e326d3e925d2f22c7ea6db495b59cf81b8e0f9f841d72bc0eab7be59a08c"},
    {file = "rpds_py-0.8.11-cp311-cp311-macosx_10_7_x86_64.whl", hash = "sha256:05d7fba86f453e68e8c08b1db6c7462fff8f4773e190b11a2b841b090abf67ff"},
    {file = "rpds_py-0.8.11-cp311-cp311-macosx_11_0_arm64.whl", hash = "sha256:e47f484e7302c804fb002f8a7b9749e4a51a412449b6a39ca31ff23b889d3fc3"},
    {file = "rpds_py-0.8.11-cp311-cp311-manylinux_2_17_aarch64.manylinux2014_aarch64.whl", hash = "sha256:e5e71fffd7ef3716d7df4338432dbd60ca2d81ad2830ff97ed4c6aea563f47d3"},
    {file = "rpds_py-0.8.11-cp311-cp311-manylinux_2_17_armv7l.manylinux2014_armv7l.whl", hash = "sha256:5b3ffee8a0f48cfb6670533463efd0aa529833bfb747e6c7077229e1a253a7c1"},
    {file = "rpds_py-0.8.11-cp311-cp311-manylinux_2_17_ppc64le.manylinux2014_ppc64le.whl", hash = "sha256:07a87f9d4be317d567422553f3a5b54bb068f5c28e7271e04914c011c373b5f6"},
    {file = "rpds_py-0.8.11-cp311-cp311-manylinux_2_17_s390x.manylinux2014_s390x.whl", hash = "sha256:8c755419ba9fbcd87a62837b6388456b3684c5efc41df03ac3f4c42229e84459"},
    {file = "rpds_py-0.8.11-cp311-cp311-manylinux_2_17_x86_64.manylinux2014_x86_64.whl", hash = "sha256:59a3407643acbcf697309b3b7d346f59d9ba4527a2a02a4fc1417766a2e2af8a"},
    {file = "rpds_py-0.8.11-cp311-cp311-manylinux_2_5_i686.manylinux1_i686.whl", hash = "sha256:4a7b21de1684a2ebbeb2fbd9b03495a9d7787305e46c6ec42c6340fc647e37d5"},
    {file = "rpds_py-0.8.11-cp311-cp311-musllinux_1_2_aarch64.whl", hash = "sha256:c988766c3076ca2360ba7b41ed4df903a810e20e84b58fd00878865558dafe6f"},
    {file = "rpds_py-0.8.11-cp311-cp311-musllinux_1_2_i686.whl", hash = "sha256:e835aa2c484ac5d8d1b6c2efefbbbf1bbe2f48ed8adec9c42d6f2df2eb07f93d"},
    {file = "rpds_py-0.8.11-cp311-cp311-musllinux_1_2_x86_64.whl", hash = "sha256:99a586d7dbad835352d6c3b6c4ae56c9fdffda800c74d2986513a2c514a35c6c"},
    {file = "rpds_py-0.8.11-cp311-none-win32.whl", hash = "sha256:2ee70fa6b3151e0da19185802e8bacddc8b24d6bdac5e1c85072acae19ec734a"},
    {file = "rpds_py-0.8.11-cp311-none-win_amd64.whl", hash = "sha256:a51d5a83213c05fb975dbdedd4406c165c7657eabe92cb1f9441e881bfd17874"},
    {file = "rpds_py-0.8.11-cp312-cp312-macosx_10_7_x86_64.whl", hash = "sha256:43745fcd13243ba67a4617bfede75bc81c2e990cfac7581b4aa8b7f43ac16b80"},
    {file = "rpds_py-0.8.11-cp312-cp312-macosx_11_0_arm64.whl", hash = "sha256:a5acc515aef399ddcfb59d1e6414f8ae9fc559d8068319cad6e4154d2348ea68"},
    {file = "rpds_py-0.8.11-cp312-cp312-manylinux_2_17_aarch64.manylinux2014_aarch64.whl", hash = "sha256:946c98e168fe2c54335915ed1d82a162257d9943e84af1e8ddc741bdfba78c23"},
    {file = "rpds_py-0.8.11-cp312-cp312-manylinux_2_17_armv7l.manylinux2014_armv7l.whl", hash = "sha256:96d247ea2a18e2307e3fd0b3860e1bca847df534d7f4cd2fc3525eaa10c71571"},
    {file = "rpds_py-0.8.11-cp312-cp312-manylinux_2_17_ppc64le.manylinux2014_ppc64le.whl", hash = "sha256:e722759a66aa571c801cec3777412f1172380c5d5761637f22d920893d24d194"},
    {file = "rpds_py-0.8.11-cp312-cp312-manylinux_2_17_s390x.manylinux2014_s390x.whl", hash = "sha256:8e0207dc216dc04b70781c84ddaa198caff01ced30307340cc5878f69ef4bb72"},
    {file = "rpds_py-0.8.11-cp312-cp312-manylinux_2_17_x86_64.manylinux2014_x86_64.whl", hash = "sha256:0ee7d4acb2cb1ccda55db9cf2087b7ed3f38175228feddd63a3c334c786e8248"},
    {file = "rpds_py-0.8.11-cp312-cp312-manylinux_2_5_i686.manylinux1_i686.whl", hash = "sha256:d5843b827d48d16e1f0d2c8e93c62a10cda71f509b5a49947bb61fcb19d7abce"},
    {file = "rpds_py-0.8.11-cp312-cp312-musllinux_1_2_aarch64.whl", hash = "sha256:1906f35d7becb01b10b1feb0906a7c5d4634dc70ba2ef92e664c6001658d36f0"},
    {file = "rpds_py-0.8.11-cp312-cp312-musllinux_1_2_i686.whl", hash = "sha256:33169a32e8996086f5270de1b51c8fc699aefd5d7a0288f747c7ffd72acc6c83"},
    {file = "rpds_py-0.8.11-cp312-cp312-musllinux_1_2_x86_64.whl", hash = "sha256:26da604ae094924ad522a083d90cf030c9578a1b9611cdecd19d689a645d042d"},
    {file = "rpds_py-0.8.11-cp38-cp38-macosx_10_7_x86_64.whl", hash = "sha256:8a40d5a10a7a6ae5c379f9ac099f55eab9dac4dcfed79b34df37ad84137dc6a7"},
    {file = "rpds_py-0.8.11-cp38-cp38-macosx_11_0_arm64.whl", hash = "sha256:8b3b0ff70afe08d5e7a719e69bc48ae4643fa7301cdab642bddbdf014190b651"},
    {file = "rpds_py-0.8.11-cp38-cp38-manylinux_2_17_aarch64.manylinux2014_aarch64.whl", hash = "sha256:ddd2fc8b37641d7ac0c6bd085bc6c036b64337a2b7065044c5cc76e74824c36e"},
    {file = "rpds_py-0.8.11-cp38-cp38-manylinux_2_17_armv7l.manylinux2014_armv7l.whl", hash = "sha256:bfb6a285c9a803540dcf3d1d4dfb99420c8ea0cf5fce89bf89abddd79b630252"},
    {file = "rpds_py-0.8.11-cp38-cp38-manylinux_2_17_ppc64le.manylinux2014_ppc64le.whl", hash = "sha256:07a485449b0f4819a6aaa6d8e290841239eed2fff1e3065a45a437da597bdb14"},
    {file = "rpds_py-0.8.11-cp38-cp38-manylinux_2_17_s390x.manylinux2014_s390x.whl", hash = "sha256:948ab99c751149a612a3b432d400d5f26819589598eab75e083c3e98858f13b0"},
    {file = "rpds_py-0.8.11-cp38-cp38-manylinux_2_17_x86_64.manylinux2014_x86_64.whl", hash = "sha256:a77de26a65ec87b2ec981b9fc50527e43238f0cc840fec3a8ba9789112a77cad"},
    {file = "rpds_py-0.8.11-cp38-cp38-manylinux_2_5_i686.manylinux1_i686.whl", hash = "sha256:41b8c08eef01d6183a942567e2069966d53b826abdd3076e4cabd02cf158b338"},
    {file = "rpds_py-0.8.11-cp38-cp38-musllinux_1_2_aarch64.whl", hash = "sha256:ae19845478ed4f307560b72608e723b5ea1702cb87c1c1479e372d1787203dda"},
    {file = "rpds_py-0.8.11-cp38-cp38-musllinux_1_2_i686.whl", hash = "sha256:d744dfc4841022505279a7d33c19247f93570e023c15202b2c32e98f61eeaed3"},
    {file = "rpds_py-0.8.11-cp38-cp38-musllinux_1_2_x86_64.whl", hash = "sha256:b27d5267d92b2741d4864a463ad9f1c941aa44b6f8dce420bc620946169a1cac"},
    {file = "rpds_py-0.8.11-cp38-none-win32.whl", hash = "sha256:fde3feff99b8d83708cd828efc0603e7d92e447bf01b30b72448e411645cc8e8"},
    {file = "rpds_py-0.8.11-cp38-none-win_amd64.whl", hash = "sha256:1af977101487862222be5f526cd9921a2070805acedc9b46cf4268d5dc8a915b"},
    {file = "rpds_py-0.8.11-cp39-cp39-macosx_10_7_x86_64.whl", hash = "sha256:b47fa4aa6cb0a7e0a09822e7f362a14afd9786d030e8485b92aa10ad13732e34"},
    {file = "rpds_py-0.8.11-cp39-cp39-macosx_11_0_arm64.whl", hash = "sha256:0af4dad7ffaa29ca1fd048b667a1b3db46ce1353f01d606b3d03d18649adab5a"},
    {file = "rpds_py-0.8.11-cp39-cp39-manylinux_2_17_aarch64.manylinux2014_aarch64.whl", hash = "sha256:acdd9d5f39e12a6519a38609a144ccee67d24a9991f21c64d4f92806503a3e1a"},
    {file = "rpds_py-0.8.11-cp39-cp39-manylinux_2_17_armv7l.manylinux2014_armv7l.whl", hash = "sha256:fb586379ddb3418099fce5949fae1377ecc47139aa34c450d7018ff9a995aeb7"},
    {file = "rpds_py-0.8.11-cp39-cp39-manylinux_2_17_ppc64le.manylinux2014_ppc64le.whl", hash = "sha256:4e1a12c4a2dc42c74981b39f35ebf8372dc78281ea7d5ded9ef91ed3e6501bce"},
    {file = "rpds_py-0.8.11-cp39-cp39-manylinux_2_17_s390x.manylinux2014_s390x.whl", hash = "sha256:f64fdf846e42d77e0dd4dfb90b335f01b2b35aef470b81393c71ce0dd2781eab"},
    {file = "rpds_py-0.8.11-cp39-cp39-manylinux_2_17_x86_64.manylinux2014_x86_64.whl", hash = "sha256:c83de7177df8d47263494c03670e3b8a8e7b99864c1123c1efb836f6c96755cc"},
    {file = "rpds_py-0.8.11-cp39-cp39-manylinux_2_5_i686.manylinux1_i686.whl", hash = "sha256:1b5546bc4c2c0c0d71859f6db1f150634d481252b40842157aff5a082a5dd999"},
    {file = "rpds_py-0.8.11-cp39-cp39-musllinux_1_2_aarch64.whl", hash = "sha256:a1cdb85c001a021634ea326c095cc2cf08a287ae55ad1e9376be5ff6e9ab7e30"},
    {file = "rpds_py-0.8.11-cp39-cp39-musllinux_1_2_i686.whl", hash = "sha256:3104cd647da83001d608165e0dc0b5747ce8ea12c96d6b83fb2c43fa68135018"},
    {file = "rpds_py-0.8.11-cp39-cp39-musllinux_1_2_x86_64.whl", hash = "sha256:82a9ff8ec847ffba78087dfcc42e78869d7c19f89f91e838d2ad35e70b00a51f"},
    {file = "rpds_py-0.8.11-cp39-none-win32.whl", hash = "sha256:aa9308649feff2acf29057fbc7bc26cfd0482b80060375e12fe2dfae4a6c2eb8"},
    {file = "rpds_py-0.8.11-cp39-none-win_amd64.whl", hash = "sha256:6d59b7f535c6e9ce10fbdb09e31589fa5aba19e867275578087bd1a243b47b56"},
    {file = "rpds_py-0.8.11-pp310-pypy310_pp73-macosx_10_7_x86_64.whl", hash = "sha256:0ea0c01d22aae66b4fd3e3ead0abbe6a6bace032441c281687906ab723e7b00a"},
    {file = "rpds_py-0.8.11-pp310-pypy310_pp73-macosx_11_0_arm64.whl", hash = "sha256:47aba4c789842d9e408162d483ba9fa7f681fa996607e935cbdcb3b23b16dab9"},
    {file = "rpds_py-0.8.11-pp310-pypy310_pp73-manylinux_2_17_aarch64.manylinux2014_aarch64.whl", hash = "sha256:d33d8868898bbbf8f6ae28af8659eb6b182ae1599feb3ef47237c6393366fbc9"},
    {file = "rpds_py-0.8.11-pp310-pypy310_pp73-manylinux_2_17_armv7l.manylinux2014_armv7l.whl", hash = "sha256:c63b4add6cb4dc9d2998ab523c259a30b6f1d28651b39a10e0b128abd05544b4"},
    {file = "rpds_py-0.8.11-pp310-pypy310_pp73-manylinux_2_17_ppc64le.manylinux2014_ppc64le.whl", hash = "sha256:4907793f6186df1ed20a828d8315bfd25376924b92bc8bf7ae27548e498bd567"},
    {file = "rpds_py-0.8.11-pp310-pypy310_pp73-manylinux_2_17_s390x.manylinux2014_s390x.whl", hash = "sha256:364f70d9802ef628c13a04a6636e0bbe7f1a58c2560955da17c7117ed1ee8762"},
    {file = "rpds_py-0.8.11-pp310-pypy310_pp73-manylinux_2_17_x86_64.manylinux2014_x86_64.whl", hash = "sha256:018b2820e01fe1bbcfb7ecb9d8e42beda2d5e8c68dddb8331085c069496ee7b4"},
    {file = "rpds_py-0.8.11-pp310-pypy310_pp73-manylinux_2_5_i686.manylinux1_i686.whl", hash = "sha256:96349901b73c0f21e9eee04b0422ca122772d9b7e71afe0535ce464c0fa046cf"},
    {file = "rpds_py-0.8.11-pp310-pypy310_pp73-musllinux_1_2_aarch64.whl", hash = "sha256:aa01d4c2bfb7b6f78d0ac7e5796cdc7dcd93cb74d0f6eefa14f0ce15ffdc287c"},
    {file = "rpds_py-0.8.11-pp310-pypy310_pp73-musllinux_1_2_i686.whl", hash = "sha256:45cb51ac40c48cdcaaf873a7a7cb9231e3a3f561c5cc4af6e8ab43bf7601c02a"},
    {file = "rpds_py-0.8.11-pp310-pypy310_pp73-musllinux_1_2_x86_64.whl", hash = "sha256:888f166b3feb1a19a1d616fe799ad648d1be85586cb49480e4b65c3f6b217d5a"},
    {file = "rpds_py-0.8.11-pp38-pypy38_pp73-macosx_10_7_x86_64.whl", hash = "sha256:18667ccf333fc615a63203be08262ce58c2bdf135c9c2fa245556f5d20d14028"},
    {file = "rpds_py-0.8.11-pp38-pypy38_pp73-macosx_11_0_arm64.whl", hash = "sha256:4017d2920e8e3f936e6fc3b65e60a655c690c472901f0ff1a8f62ee21c493f19"},
    {file = "rpds_py-0.8.11-pp38-pypy38_pp73-manylinux_2_17_aarch64.manylinux2014_aarch64.whl", hash = "sha256:6616eaa330fc925f15bc796efefeb45fb262213422d1274656d062359cf707c0"},
    {file = "rpds_py-0.8.11-pp38-pypy38_pp73-manylinux_2_17_armv7l.manylinux2014_armv7l.whl", hash = "sha256:71e47154e72eadd210b204c696b6ab65fd685ea08aabb6e434dc8060220168f3"},
    {file = "rpds_py-0.8.11-pp38-pypy38_pp73-manylinux_2_17_ppc64le.manylinux2014_ppc64le.whl", hash = "sha256:be18700d55e63a7cdc9e92a5592196105b8787859f21058f7972989e9c7153a1"},
    {file = "rpds_py-0.8.11-pp38-pypy38_pp73-manylinux_2_17_s390x.manylinux2014_s390x.whl", hash = "sha256:1a49829d460f6b089c245de3e69b2b22c5ec783e53e70a4116b8cc3cf490047c"},
    {file = "rpds_py-0.8.11-pp38-pypy38_pp73-manylinux_2_17_x86_64.manylinux2014_x86_64.whl", hash = "sha256:f177934d33c7b649dc99663642b1a33094af3447e00eb9a1e3eebd9b02ac2158"},
    {file = "rpds_py-0.8.11-pp38-pypy38_pp73-manylinux_2_5_i686.manylinux1_i686.whl", hash = "sha256:3d1830d31db000bec0599665349e026614676432c87aeef98cac970254d4e36f"},
    {file = "rpds_py-0.8.11-pp38-pypy38_pp73-musllinux_1_2_aarch64.whl", hash = "sha256:1b56e340ef68f12566e4094df317b1afc62e93db236916a2c653c1ace0c06d50"},
    {file = "rpds_py-0.8.11-pp38-pypy38_pp73-musllinux_1_2_i686.whl", hash = "sha256:fa6f798ae72572d35eddd3bed98c91d7c74b218d4ed6ce8d729639dcb7d063af"},
    {file = "rpds_py-0.8.11-pp38-pypy38_pp73-musllinux_1_2_x86_64.whl", hash = "sha256:4b40fc5904e8053ac9e4f5b0e9af949bc276098f14a46e992ab072a3d706675a"},
    {file = "rpds_py-0.8.11-pp39-pypy39_pp73-macosx_10_7_x86_64.whl", hash = "sha256:760b994c3ddc68e6c5e750484e4c6a687e5b1c2f73d791834feb1ca6a9efc79c"},
    {file = "rpds_py-0.8.11-pp39-pypy39_pp73-macosx_11_0_arm64.whl", hash = "sha256:b9ece08b4a0df42002ebf9f23e521c74ec924f3d1542254056efc271fe611b91"},
    {file = "rpds_py-0.8.11-pp39-pypy39_pp73-manylinux_2_17_aarch64.manylinux2014_aarch64.whl", hash = "sha256:3ff2b6d317eea667260c7265977575f49116781e4fcc4973360b84aec24644e3"},
    {file = "rpds_py-0.8.11-pp39-pypy39_pp73-manylinux_2_17_armv7l.manylinux2014_armv7l.whl", hash = "sha256:fd817f2d213c6f1ee104f4805812c6e348984769f15404382ab885a9f2a9e56f"},
    {file = "rpds_py-0.8.11-pp39-pypy39_pp73-manylinux_2_17_ppc64le.manylinux2014_ppc64le.whl", hash = "sha256:c51adab2bb16850f4bc6ac51c7d753d3f7d08ad6005802bd31e4657873f5c94c"},
    {file = "rpds_py-0.8.11-pp39-pypy39_pp73-manylinux_2_17_s390x.manylinux2014_s390x.whl", hash = "sha256:8d9b1a38b5f1346c19b6fc5595998435b0327426a6f54597653eb4fe24f737c6"},
    {file = "rpds_py-0.8.11-pp39-pypy39_pp73-manylinux_2_17_x86_64.manylinux2014_x86_64.whl", hash = "sha256:9c42d44ed2fdf14b5ba3fc1461bc124031de59ee2750642205a55820f81c17ea"},
    {file = "rpds_py-0.8.11-pp39-pypy39_pp73-manylinux_2_5_i686.manylinux1_i686.whl", hash = "sha256:9ec03f7f2c62fd7c8516448ded95c022d83b802a847e1d5c5da30b602f481f5e"},
    {file = "rpds_py-0.8.11-pp39-pypy39_pp73-musllinux_1_2_aarch64.whl", hash = "sha256:be73e5592a392fcb255d1e161cdfa4e78e0f9d3a9da6d9cf1cb3a2e11d110763"},
    {file = "rpds_py-0.8.11-pp39-pypy39_pp73-musllinux_1_2_i686.whl", hash = "sha256:38208701e09e77c1158b1538c687c5b0a6a894a689bbd1f6eafc5cd31a7cd59d"},
    {file = "rpds_py-0.8.11-pp39-pypy39_pp73-musllinux_1_2_x86_64.whl", hash = "sha256:444ea661de45cf0334131904d717254462d8c974d551caac795f4232920bdb47"},
    {file = "rpds_py-0.8.11.tar.gz", hash = "sha256:ef29fa64514a17bbc104693acf094e3fef5e98c2ddf58e9777f673fc6b0c5e97"},
]

[[package]]
name = "urllib3"
version = "2.0.2"
description = "HTTP library with thread-safe connection pooling, file post, and more."
optional = false
python-versions = ">=3.7"
files = [
    {file = "urllib3-2.0.2-py3-none-any.whl", hash = "sha256:d055c2f9d38dc53c808f6fdc8eab7360b6fdbbde02340ed25cfbcd817c62469e"},
    {file = "urllib3-2.0.2.tar.gz", hash = "sha256:61717a1095d7e155cdb737ac7bb2f4324a858a1e2e6466f6d03ff630ca68d3cc"},
]

[package.extras]
brotli = ["brotli (>=1.0.9)", "brotlicffi (>=0.8.0)"]
secure = ["certifi", "cryptography (>=1.9)", "idna (>=2.0.0)", "pyopenssl (>=17.1.0)", "urllib3-secure-extra"]
socks = ["pysocks (>=1.5.6,!=1.5.7,<2.0)"]
zstd = ["zstandard (>=0.18.0)"]

[metadata]
lock-version = "2.0"
python-versions = "^3.11"
content-hash = "cbca37bb82c4972d87e88052d3b726cdaccb052d09e178745f084457c4041c82"
