
Microsoft Visual Studio Solution File, Format Version 12.00
# Visual Studio Version 16
VisualStudioVersion = 16.0.30011.22
MinimumVisualStudioVersion = 10.0.40219.1
Project("{8BC9CEB8-8B4A-11D0-8D11-00A0C91BC942}") = "atomicNotepad", "atomicNotepad\atomicNotepad.vcxproj", "{53529597-67F0-4159-AD9B-DE118E7C1A0D}"
EndProject
Global
	GlobalSection(SolutionConfigurationPlatforms) = preSolution
		Debug|x64 = Debug|x64
		Debug|x86 = Debug|x86
		Release|x64 = Release|x64
		Release|x86 = Release|x86
	EndGlobalSection
	GlobalSection(ProjectConfigurationPlatforms) = postSolution
		{53529597-67F0-4159-AD9B-DE118E7C1A0D}.Debug|x64.ActiveCfg = Debug|x64
		{53529597-67F0-4159-AD9B-DE118E7C1A0D}.Debug|x64.Build.0 = Debug|x64
		{53529597-67F0-4159-AD9B-DE118E7C1A0D}.Debug|x86.ActiveCfg = Debug|Win32
		{53529597-67F0-4159-AD9B-DE118E7C1A0D}.Debug|x86.Build.0 = Debug|Win32
		{53529597-67F0-4159-AD9B-DE118E7C1A0D}.Release|x64.ActiveCfg = Release|x64
		{53529597-67F0-4159-AD9B-DE118E7C1A0D}.Release|x64.Build.0 = Release|x64
		{53529597-67F0-4159-AD9B-DE118E7C1A0D}.Release|x86.ActiveCfg = Release|Win32
		{53529597-67F0-4159-AD9B-DE118E7C1A0D}.Release|x86.Build.0 = Release|Win32
	EndGlobalSection
	GlobalSection(SolutionProperties) = preSolution
		HideSolutionNode = FALSE
	EndGlobalSection
	GlobalSection(ExtensibilityGlobals) = postSolution
		SolutionGuid = {C1ED96A7-1052-454C-9B56-302FD3426CCC}
	EndGlobalSection
EndGlobal
